// !$*UTF8*$!
{
	archiveVersion = 1;
	classes = {
	};
	objectVersion = 48;
	objects = {

/* Begin PBXBuildFile section */
		35441E082019EE44002DA4B4 /* DeviceUtility.swift in Sources */ = {isa = PBXBuildFile; fileRef = 35441E072019EE44002DA4B4 /* DeviceUtility.swift */; };
		35F0438520098FE4000B5935 /* NotificationCenter.framework in Frameworks */ = {isa = PBXBuildFile; fileRef = 35F0438420098FE4000B5935 /* NotificationCenter.framework */; };
		35F0438820098FE4000B5935 /* WidgetViewController.swift in Sources */ = {isa = PBXBuildFile; fileRef = 35F0438720098FE4000B5935 /* WidgetViewController.swift */; };
		35F0438B20098FE4000B5935 /* MainInterface.storyboard in Resources */ = {isa = PBXBuildFile; fileRef = 35F0438920098FE4000B5935 /* MainInterface.storyboard */; };
		35F0438F20098FE4000B5935 /* Widget.appex in Embed App Extensions */ = {isa = PBXBuildFile; fileRef = 35F0438320098FE4000B5935 /* Widget.appex */; settings = {ATTRIBUTES = (RemoveHeadersOnCopy, ); }; };
		C9037B451F5D46AA00FD6FB2 /* FlightTabFlightTVCellViewModel.swift in Sources */ = {isa = PBXBuildFile; fileRef = C9037B441F5D46AA00FD6FB2 /* FlightTabFlightTVCellViewModel.swift */; };
		C903830A20033E900021C340 /* DestinationFilterDataModel.swift in Sources */ = {isa = PBXBuildFile; fileRef = C903830920033E900021C340 /* DestinationFilterDataModel.swift */; };
		C903830C200341FF0021C340 /* DestinationFilterViewModelTests.swift in Sources */ = {isa = PBXBuildFile; fileRef = C903830B200341FF0021C340 /* DestinationFilterViewModelTests.swift */; };
		C903830E200342590021C340 /* MockDestinationFilterDataModel.swift in Sources */ = {isa = PBXBuildFile; fileRef = C903830D200342590021C340 /* MockDestinationFilterDataModel.swift */; };
		C9084C582004B10B00800FF9 /* UIImage+MaskColor.swift in Sources */ = {isa = PBXBuildFile; fileRef = C9084C572004B10B00800FF9 /* UIImage+MaskColor.swift */; };
		C9084C5A2004B66100800FF9 /* MockDestinationFilterCoordinator.swift in Sources */ = {isa = PBXBuildFile; fileRef = C9084C592004B66100800FF9 /* MockDestinationFilterCoordinator.swift */; };
		C90970492048E3030058FDD8 /* AnalyticsManager.swift in Sources */ = {isa = PBXBuildFile; fileRef = C90970482048E3030058FDD8 /* AnalyticsManager.swift */; };
		C909704B2048E4BA0058FDD8 /* AnalyticsEngine.swift in Sources */ = {isa = PBXBuildFile; fileRef = C909704A2048E4BA0058FDD8 /* AnalyticsEngine.swift */; };
		C909704D2048E4CA0058FDD8 /* AnalyticsEvent.swift in Sources */ = {isa = PBXBuildFile; fileRef = C909704C2048E4CA0058FDD8 /* AnalyticsEvent.swift */; };
		C909704F2048EE6F0058FDD8 /* CloudKitAnalyticsEngine.swift in Sources */ = {isa = PBXBuildFile; fileRef = C909704E2048EE6F0058FDD8 /* CloudKitAnalyticsEngine.swift */; };
		C910CDB41F5E104A0018246C /* FlightTabFlightTVCellViewModelTests.swift in Sources */ = {isa = PBXBuildFile; fileRef = C910CDB31F5E104A0018246C /* FlightTabFlightTVCellViewModelTests.swift */; };
		C9171AF51F562F8600D9BE66 /* FlightTabViewController.swift in Sources */ = {isa = PBXBuildFile; fileRef = C9171AF41F562F8600D9BE66 /* FlightTabViewController.swift */; };
		C9171AF81F5630DA00D9BE66 /* IMAGES.swift in Sources */ = {isa = PBXBuildFile; fileRef = C9171AF71F5630DA00D9BE66 /* IMAGES.swift */; };
		C9171AFA1F56317500D9BE66 /* COLORS.swift in Sources */ = {isa = PBXBuildFile; fileRef = C9171AF91F56317500D9BE66 /* COLORS.swift */; };
		C9171AFC1F5631D900D9BE66 /* TABBARS.swift in Sources */ = {isa = PBXBuildFile; fileRef = C9171AFB1F5631D900D9BE66 /* TABBARS.swift */; };
		C922E5561F5F747400689AE7 /* DateUtility.swift in Sources */ = {isa = PBXBuildFile; fileRef = C922E5551F5F747400689AE7 /* DateUtility.swift */; };
		C922E55A1F5F761100689AE7 /* DateUtilityTests.swift in Sources */ = {isa = PBXBuildFile; fileRef = C922E5591F5F761100689AE7 /* DateUtilityTests.swift */; };
		C9239ED2201ACDAA003DD7BC /* DiscoveryCity.swift in Sources */ = {isa = PBXBuildFile; fileRef = C9239ED1201ACDAA003DD7BC /* DiscoveryCity.swift */; };
		C9250FFE1F6116D1005CA7D1 /* UILabel+TopAlign.swift in Sources */ = {isa = PBXBuildFile; fileRef = C9250FFD1F6116D1005CA7D1 /* UILabel+TopAlign.swift */; };
		C92BDF061F54E00800284B44 /* AppDelegate.swift in Sources */ = {isa = PBXBuildFile; fileRef = C92BDF051F54E00800284B44 /* AppDelegate.swift */; };
		C92BDF0D1F54E00800284B44 /* Assets.xcassets in Resources */ = {isa = PBXBuildFile; fileRef = C92BDF0C1F54E00800284B44 /* Assets.xcassets */; };
		C92BDF101F54E00800284B44 /* LaunchScreen.storyboard in Resources */ = {isa = PBXBuildFile; fileRef = C92BDF0E1F54E00800284B44 /* LaunchScreen.storyboard */; };
		C92BDF1B1F54E00800284B44 /* CeairTests.swift in Sources */ = {isa = PBXBuildFile; fileRef = C92BDF1A1F54E00800284B44 /* CeairTests.swift */; };
		C92BDF2A1F54E09200284B44 /* UIColor+HEXString.swift in Sources */ = {isa = PBXBuildFile; fileRef = C92BDF291F54E09200284B44 /* UIColor+HEXString.swift */; };
		C92BDF301F54E17100284B44 /* BookingTabViewController.swift in Sources */ = {isa = PBXBuildFile; fileRef = C92BDF2F1F54E17100284B44 /* BookingTabViewController.swift */; };
		C92CBDC320196BD4004B64D7 /* DiscoveryTheme.swift in Sources */ = {isa = PBXBuildFile; fileRef = C92CBDC220196BD4004B64D7 /* DiscoveryTheme.swift */; };
		C93837DF202BDE2F0093478F /* LoadingView.swift in Sources */ = {isa = PBXBuildFile; fileRef = C93837DE202BDE2F0093478F /* LoadingView.swift */; };
		C94272ED2018239A00E97620 /* RouteViewController.swift in Sources */ = {isa = PBXBuildFile; fileRef = C94272EC2018239A00E97620 /* RouteViewController.swift */; };
		C94272EF201823E400E97620 /* RouteCollectionView.swift in Sources */ = {isa = PBXBuildFile; fileRef = C94272EE201823E400E97620 /* RouteCollectionView.swift */; };
		C94272F22018247D00E97620 /* RouteCollectionCell.swift in Sources */ = {isa = PBXBuildFile; fileRef = C94272F12018247D00E97620 /* RouteCollectionCell.swift */; };
		C94272F52018272700E97620 /* RouteCoordinator.swift in Sources */ = {isa = PBXBuildFile; fileRef = C94272F42018272700E97620 /* RouteCoordinator.swift */; };
		C94272F820182C1000E97620 /* RouteViewModel.swift in Sources */ = {isa = PBXBuildFile; fileRef = C94272F720182C1000E97620 /* RouteViewModel.swift */; };
		C94272FA20182F7900E97620 /* RouteViewModelTests.swift in Sources */ = {isa = PBXBuildFile; fileRef = C94272F920182F7900E97620 /* RouteViewModelTests.swift */; };
		C94272FC20182F9B00E97620 /* MockRouteCoordinator.swift in Sources */ = {isa = PBXBuildFile; fileRef = C94272FB20182F9B00E97620 /* MockRouteCoordinator.swift */; };
		C94273002018521A00E97620 /* ChartCollectionView.swift in Sources */ = {isa = PBXBuildFile; fileRef = C94272FF2018521A00E97620 /* ChartCollectionView.swift */; };
		C94273022018523A00E97620 /* ChartCollectionCell.swift in Sources */ = {isa = PBXBuildFile; fileRef = C94273012018523A00E97620 /* ChartCollectionCell.swift */; };
		C95368851F620AE100CFE1F4 /* UIButton+CenterSpace.swift in Sources */ = {isa = PBXBuildFile; fileRef = C95368841F620AE100CFE1F4 /* UIButton+CenterSpace.swift */; };
		C958809E2015783700420FB2 /* UIViewController+DismissKeyboard.swift in Sources */ = {isa = PBXBuildFile; fileRef = C958809D2015783700420FB2 /* UIViewController+DismissKeyboard.swift */; };
		C95880A12015C38300420FB2 /* MyViewController.swift in Sources */ = {isa = PBXBuildFile; fileRef = C95880A02015C38300420FB2 /* MyViewController.swift */; };
		C95880A52015D6FA00420FB2 /* RadialGradientView.swift in Sources */ = {isa = PBXBuildFile; fileRef = C95880A42015D6FA00420FB2 /* RadialGradientView.swift */; };
		C960CE4B2022E5E900DCD69E /* CacheUtility.swift in Sources */ = {isa = PBXBuildFile; fileRef = C960CE4A2022E5E900DCD69E /* CacheUtility.swift */; };
		C96AF29B1F67609B00E5B6F8 /* UserConfig.swift in Sources */ = {isa = PBXBuildFile; fileRef = C96AF29A1F67609B00E5B6F8 /* UserConfig.swift */; };
		C973BBE01F59547500391516 /* BaseCVCell.swift in Sources */ = {isa = PBXBuildFile; fileRef = C973BBDF1F59547500391516 /* BaseCVCell.swift */; };
		C982F3C21F8CA2B50046197A /* Main.storyboard in Resources */ = {isa = PBXBuildFile; fileRef = C982F3C11F8CA2B50046197A /* Main.storyboard */; };
		C982F3C41F8CA2DA0046197A /* DetailViewController.swift in Sources */ = {isa = PBXBuildFile; fileRef = C982F3C31F8CA2DA0046197A /* DetailViewController.swift */; };
		C987FF08201AB6E700FCF3B4 /* SwiftyBeaver.framework in Frameworks */ = {isa = PBXBuildFile; fileRef = C987FF07201AB6E700FCF3B4 /* SwiftyBeaver.framework */; };
		C987FF09201AB6E700FCF3B4 /* SwiftyBeaver.framework in Embed Frameworks */ = {isa = PBXBuildFile; fileRef = C987FF07201AB6E700FCF3B4 /* SwiftyBeaver.framework */; settings = {ATTRIBUTES = (CodeSignOnCopy, RemoveHeadersOnCopy, ); }; };
		C987FF0B201AB6FF00FCF3B4 /* SwiftyJSON.framework in Frameworks */ = {isa = PBXBuildFile; fileRef = C987FF0A201AB6FF00FCF3B4 /* SwiftyJSON.framework */; };
		C987FF0C201AB6FF00FCF3B4 /* SwiftyJSON.framework in Embed Frameworks */ = {isa = PBXBuildFile; fileRef = C987FF0A201AB6FF00FCF3B4 /* SwiftyJSON.framework */; settings = {ATTRIBUTES = (CodeSignOnCopy, RemoveHeadersOnCopy, ); }; };
		C987FF0F201AB7BF00FCF3B4 /* SwiftyBeaver.framework.dSYM in CopyFiles */ = {isa = PBXBuildFile; fileRef = C987FF0E201AB7BF00FCF3B4 /* SwiftyBeaver.framework.dSYM */; };
		C987FF11201AB7D400FCF3B4 /* SwiftyJSON.framework.dSYM in CopyFiles */ = {isa = PBXBuildFile; fileRef = C987FF10201AB7D400FCF3B4 /* SwiftyJSON.framework.dSYM */; };
		C98A15F71F8C3AA700B5B477 /* MoreTabViewController.swift in Sources */ = {isa = PBXBuildFile; fileRef = C98A15F61F8C3AA700B5B477 /* MoreTabViewController.swift */; };
		C98C761F1F57DD97007EB4E2 /* Coordinator.swift in Sources */ = {isa = PBXBuildFile; fileRef = C98C761E1F57DD97007EB4E2 /* Coordinator.swift */; };
		C98C76211F57DDD3007EB4E2 /* AppCoordinator.swift in Sources */ = {isa = PBXBuildFile; fileRef = C98C76201F57DDD3007EB4E2 /* AppCoordinator.swift */; };
		C98C76241F57DE72007EB4E2 /* LaunchUtility.swift in Sources */ = {isa = PBXBuildFile; fileRef = C98C76231F57DE72007EB4E2 /* LaunchUtility.swift */; };
		C98C76261F57DEC6007EB4E2 /* DEFAULTS.swift in Sources */ = {isa = PBXBuildFile; fileRef = C98C76251F57DEC6007EB4E2 /* DEFAULTS.swift */; };
		C98C76281F57E156007EB4E2 /* TabBarCoordinator.swift in Sources */ = {isa = PBXBuildFile; fileRef = C98C76271F57E156007EB4E2 /* TabBarCoordinator.swift */; };
		C9979CA71FFB05D300540B2C /* DiscoveryViewController.swift in Sources */ = {isa = PBXBuildFile; fileRef = C9979CA61FFB05D300540B2C /* DiscoveryViewController.swift */; };
		C9979CAA1FFB070100540B2C /* DiscoveryViewModel.swift in Sources */ = {isa = PBXBuildFile; fileRef = C9979CA91FFB070100540B2C /* DiscoveryViewModel.swift */; };
		C9979CAD1FFB073C00540B2C /* DiscoveryDataModel.swift in Sources */ = {isa = PBXBuildFile; fileRef = C9979CAC1FFB073C00540B2C /* DiscoveryDataModel.swift */; };
		C9979CB01FFB07CA00540B2C /* DiscoveryViewModelTests.swift in Sources */ = {isa = PBXBuildFile; fileRef = C9979CAF1FFB07CA00540B2C /* DiscoveryViewModelTests.swift */; };
		C9979CB31FFB089300540B2C /* MockDiscoveryDataModel.swift in Sources */ = {isa = PBXBuildFile; fileRef = C9979CB21FFB089300540B2C /* MockDiscoveryDataModel.swift */; };
		C99A97DE1F5950C500318E83 /* IDENTIFIERS.swift in Sources */ = {isa = PBXBuildFile; fileRef = C99A97DD1F5950C500318E83 /* IDENTIFIERS.swift */; };
		C99FBFF41F67D52A00C9210B /* NetworkHandler.swift in Sources */ = {isa = PBXBuildFile; fileRef = C99FBFF31F67D52A00C9210B /* NetworkHandler.swift */; };
		C9B54E971FFC658F0027A93E /* DestinationViewController.swift in Sources */ = {isa = PBXBuildFile; fileRef = C9B54E961FFC658F0027A93E /* DestinationViewController.swift */; };
		C9B54E9B1FFC66090027A93E /* DestinationViewModel.swift in Sources */ = {isa = PBXBuildFile; fileRef = C9B54E9A1FFC66090027A93E /* DestinationViewModel.swift */; };
		C9B54E9D1FFC66240027A93E /* DestinationDataModel.swift in Sources */ = {isa = PBXBuildFile; fileRef = C9B54E9C1FFC66240027A93E /* DestinationDataModel.swift */; };
		C9B54E9F1FFC672B0027A93E /* DiscoveryCoordinator.swift in Sources */ = {isa = PBXBuildFile; fileRef = C9B54E9E1FFC672B0027A93E /* DiscoveryCoordinator.swift */; };
		C9B54EA11FFC6FA30027A93E /* MockDiscoveryCoordinator.swift in Sources */ = {isa = PBXBuildFile; fileRef = C9B54EA01FFC6FA30027A93E /* MockDiscoveryCoordinator.swift */; };
		C9B54EA71FFC7E150027A93E /* DestinationCoordinator.swift in Sources */ = {isa = PBXBuildFile; fileRef = C9B54EA61FFC7E150027A93E /* DestinationCoordinator.swift */; };
		C9B54EA91FFC8AB00027A93E /* UIApplication+TopController.swift in Sources */ = {isa = PBXBuildFile; fileRef = C9B54EA81FFC8AB00027A93E /* UIApplication+TopController.swift */; };
		C9B54EAB1FFC9D710027A93E /* DestinationFilterView.swift in Sources */ = {isa = PBXBuildFile; fileRef = C9B54EAA1FFC9D710027A93E /* DestinationFilterView.swift */; };
		C9B54EAD1FFCA5590027A93E /* UITabBarController+Hide.swift in Sources */ = {isa = PBXBuildFile; fileRef = C9B54EAC1FFCA5590027A93E /* UITabBarController+Hide.swift */; };
		C9B54EAF1FFCBCCE0027A93E /* DestinationViewModelTests.swift in Sources */ = {isa = PBXBuildFile; fileRef = C9B54EAE1FFCBCCE0027A93E /* DestinationViewModelTests.swift */; };
		C9B54EB11FFCBD2A0027A93E /* MockDestinationDataModel.swift in Sources */ = {isa = PBXBuildFile; fileRef = C9B54EB01FFCBD2A0027A93E /* MockDestinationDataModel.swift */; };
		C9B54EB31FFCBD660027A93E /* MockDestinationCoordinator.swift in Sources */ = {isa = PBXBuildFile; fileRef = C9B54EB21FFCBD660027A93E /* MockDestinationCoordinator.swift */; };
		C9B54EB51FFCBFE90027A93E /* DestinationFilterCoordinator.swift in Sources */ = {isa = PBXBuildFile; fileRef = C9B54EB41FFCBFE90027A93E /* DestinationFilterCoordinator.swift */; };
		C9B54EB71FFCC21C0027A93E /* DestinationFilterViewModel.swift in Sources */ = {isa = PBXBuildFile; fileRef = C9B54EB61FFCC21C0027A93E /* DestinationFilterViewModel.swift */; };
		C9BD96EB1F69161900640E80 /* NetworkError.swift in Sources */ = {isa = PBXBuildFile; fileRef = C9BD96EA1F69161900640E80 /* NetworkError.swift */; };
		C9C029BD202930BA0056CB4A /* CartoonSearchView.swift in Sources */ = {isa = PBXBuildFile; fileRef = C9C029BC202930BA0056CB4A /* CartoonSearchView.swift */; };
		C9C306651F627F600020A316 /* User.swift in Sources */ = {isa = PBXBuildFile; fileRef = C9C306641F627F600020A316 /* User.swift */; };
		C9C306671F62809F0020A316 /* Centificate.swift in Sources */ = {isa = PBXBuildFile; fileRef = C9C306661F62809F0020A316 /* Centificate.swift */; };
		C9C719272047E361000D6416 /* LoadingViewController.swift in Sources */ = {isa = PBXBuildFile; fileRef = C9C719262047E361000D6416 /* LoadingViewController.swift */; };
		C9C719292047E586000D6416 /* UIViewController+ChildVC.swift in Sources */ = {isa = PBXBuildFile; fileRef = C9C719282047E586000D6416 /* UIViewController+ChildVC.swift */; };
		C9CF91A31F554F4800F352F0 /* Flight.swift in Sources */ = {isa = PBXBuildFile; fileRef = C9CF91A21F554F4800F352F0 /* Flight.swift */; };
		C9DB6C0B1FFDB512001F2AA2 /* FilterCollectionView.swift in Sources */ = {isa = PBXBuildFile; fileRef = C9DB6C0A1FFDB512001F2AA2 /* FilterCollectionView.swift */; };
		C9DB6C0D1FFDB528001F2AA2 /* FilterCollectionCell.swift in Sources */ = {isa = PBXBuildFile; fileRef = C9DB6C0C1FFDB528001F2AA2 /* FilterCollectionCell.swift */; };
		C9DBDF701FFB409E00BFC093 /* ActivityCollectionView.swift in Sources */ = {isa = PBXBuildFile; fileRef = C9DBDF6F1FFB409E00BFC093 /* ActivityCollectionView.swift */; };
		C9DBDF721FFB425500BFC093 /* ActivityCollectionCell.swift in Sources */ = {isa = PBXBuildFile; fileRef = C9DBDF711FFB425500BFC093 /* ActivityCollectionCell.swift */; };
		C9DBDF741FFB586800BFC093 /* CityCollectionView.swift in Sources */ = {isa = PBXBuildFile; fileRef = C9DBDF731FFB586800BFC093 /* CityCollectionView.swift */; };
		C9DBDF761FFB588400BFC093 /* CityCollectionCell.swift in Sources */ = {isa = PBXBuildFile; fileRef = C9DBDF751FFB588400BFC093 /* CityCollectionCell.swift */; };
		C9DBDF781FFB73EE00BFC093 /* ThemeCollectionView.swift in Sources */ = {isa = PBXBuildFile; fileRef = C9DBDF771FFB73EE00BFC093 /* ThemeCollectionView.swift */; };
		C9DBDF7A1FFB740900BFC093 /* ThemeCollectionCell.swift in Sources */ = {isa = PBXBuildFile; fileRef = C9DBDF791FFB740900BFC093 /* ThemeCollectionCell.swift */; };
		C9DDAF4A200467AC0036132A /* CEHTTP.framework in Frameworks */ = {isa = PBXBuildFile; fileRef = C9DDAF42200465900036132A /* CEHTTP.framework */; };
		C9DDAF4B200467AC0036132A /* CEHTTP.framework in Embed Frameworks */ = {isa = PBXBuildFile; fileRef = C9DDAF42200465900036132A /* CEHTTP.framework */; settings = {ATTRIBUTES = (CodeSignOnCopy, RemoveHeadersOnCopy, ); }; };
		C9E09DDF1F68A76C007D0698 /* NETWORKS.swift in Sources */ = {isa = PBXBuildFile; fileRef = C9E09DDE1F68A76C007D0698 /* NETWORKS.swift */; };
		C9E927161F58CDA000BC5183 /* FlightTabDataModel.swift in Sources */ = {isa = PBXBuildFile; fileRef = C9E927151F58CDA000BC5183 /* FlightTabDataModel.swift */; };
		C9E9271A1F58CF0F00BC5183 /* FlightTabViewModelTests.swift in Sources */ = {isa = PBXBuildFile; fileRef = C9E927191F58CF0F00BC5183 /* FlightTabViewModelTests.swift */; };
		C9E9271C1F58D0A800BC5183 /* MockFlightTabDataModel.swift in Sources */ = {isa = PBXBuildFile; fileRef = C9E9271B1F58D0A800BC5183 /* MockFlightTabDataModel.swift */; };
		C9EB9DE71F57E83000A39AB0 /* FlightTabViewModel.swift in Sources */ = {isa = PBXBuildFile; fileRef = C9EB9DE61F57E83000A39AB0 /* FlightTabViewModel.swift */; };
		C9EE0B691F5956C9009AF961 /* BaseTVCell.swift in Sources */ = {isa = PBXBuildFile; fileRef = C9EE0B681F5956C9009AF961 /* BaseTVCell.swift */; };
		C9EE0B6B1F59575A009AF961 /* FlightTabFlightTVCell.swift in Sources */ = {isa = PBXBuildFile; fileRef = C9EE0B6A1F59575A009AF961 /* FlightTabFlightTVCell.swift */; };
		C9EE6F101F6128C3009A4268 /* Info.plist in Resources */ = {isa = PBXBuildFile; fileRef = C9EE6F0F1F6128C2009A4268 /* Info.plist */; };
		C9FCBAC21F577EFE00B6788A /* URLS.swift in Sources */ = {isa = PBXBuildFile; fileRef = C9FCBAC11F577EFE00B6788A /* URLS.swift */; };
		C9FCBAC41F57847700B6788A /* LABELS.swift in Sources */ = {isa = PBXBuildFile; fileRef = C9FCBAC31F57847700B6788A /* LABELS.swift */; };
		C9FCBAC61F578CA500B6788A /* UIView+Constraint.swift in Sources */ = {isa = PBXBuildFile; fileRef = C9FCBAC51F578CA500B6788A /* UIView+Constraint.swift */; };
		C9FD533820059A3F00D7B2ED /* StackStructure.swift in Sources */ = {isa = PBXBuildFile; fileRef = C9FD533720059A3F00D7B2ED /* StackStructure.swift */; };
		C9FD533A20059B4900D7B2ED /* StackStructureTests.swift in Sources */ = {isa = PBXBuildFile; fileRef = C9FD533920059B4900D7B2ED /* StackStructureTests.swift */; };
		C9FD533C2005DC8B00D7B2ED /* DestinationCollectionView.swift in Sources */ = {isa = PBXBuildFile; fileRef = C9FD533B2005DC8B00D7B2ED /* DestinationCollectionView.swift */; };
		C9FD533E2005DCA400D7B2ED /* DestinationCollectionCell.swift in Sources */ = {isa = PBXBuildFile; fileRef = C9FD533D2005DCA400D7B2ED /* DestinationCollectionCell.swift */; };
		C9FD53422005FDB400D7B2ED /* MoreThemeCollectionView.swift in Sources */ = {isa = PBXBuildFile; fileRef = C9FD53412005FDB400D7B2ED /* MoreThemeCollectionView.swift */; };
		C9FD53442005FDC700D7B2ED /* MoreThemeCollectionCell.swift in Sources */ = {isa = PBXBuildFile; fileRef = C9FD53432005FDC700D7B2ED /* MoreThemeCollectionCell.swift */; };
/* End PBXBuildFile section */

/* Begin PBXContainerItemProxy section */
		35F0438D20098FE4000B5935 /* PBXContainerItemProxy */ = {
			isa = PBXContainerItemProxy;
			containerPortal = C92BDEFA1F54E00800284B44 /* Project object */;
			proxyType = 1;
			remoteGlobalIDString = 35F0438220098FE4000B5935;
			remoteInfo = Widget;
		};
		C92BDF171F54E00800284B44 /* PBXContainerItemProxy */ = {
			isa = PBXContainerItemProxy;
			containerPortal = C92BDEFA1F54E00800284B44 /* Project object */;
			proxyType = 1;
			remoteGlobalIDString = C92BDF011F54E00800284B44;
			remoteInfo = Ceair;
		};
/* End PBXContainerItemProxy section */

/* Begin PBXCopyFilesBuildPhase section */
		35F0439320098FE4000B5935 /* Embed App Extensions */ = {
			isa = PBXCopyFilesBuildPhase;
			buildActionMask = 2147483647;
			dstPath = "";
			dstSubfolderSpec = 13;
			files = (
				35F0438F20098FE4000B5935 /* Widget.appex in Embed App Extensions */,
			);
			name = "Embed App Extensions";
			runOnlyForDeploymentPostprocessing = 0;
		};
		C987FF0D201AB77800FCF3B4 /* CopyFiles */ = {
			isa = PBXCopyFilesBuildPhase;
			buildActionMask = 2147483647;
			dstPath = "";
			dstSubfolderSpec = 16;
			files = (
				C987FF11201AB7D400FCF3B4 /* SwiftyJSON.framework.dSYM in CopyFiles */,
				C987FF0F201AB7BF00FCF3B4 /* SwiftyBeaver.framework.dSYM in CopyFiles */,
			);
			runOnlyForDeploymentPostprocessing = 0;
		};
		C9DDAF4C200467AC0036132A /* Embed Frameworks */ = {
			isa = PBXCopyFilesBuildPhase;
			buildActionMask = 2147483647;
			dstPath = "";
			dstSubfolderSpec = 10;
			files = (
				C9DDAF4B200467AC0036132A /* CEHTTP.framework in Embed Frameworks */,
				C987FF09201AB6E700FCF3B4 /* SwiftyBeaver.framework in Embed Frameworks */,
				C987FF0C201AB6FF00FCF3B4 /* SwiftyJSON.framework in Embed Frameworks */,
			);
			name = "Embed Frameworks";
			runOnlyForDeploymentPostprocessing = 0;
		};
/* End PBXCopyFilesBuildPhase section */

/* Begin PBXFileReference section */
		35441E072019EE44002DA4B4 /* DeviceUtility.swift */ = {isa = PBXFileReference; lastKnownFileType = sourcecode.swift; path = DeviceUtility.swift; sourceTree = "<group>"; };
		35F0438320098FE4000B5935 /* Widget.appex */ = {isa = PBXFileReference; explicitFileType = "wrapper.app-extension"; includeInIndex = 0; path = Widget.appex; sourceTree = BUILT_PRODUCTS_DIR; };
		35F0438420098FE4000B5935 /* NotificationCenter.framework */ = {isa = PBXFileReference; lastKnownFileType = wrapper.framework; name = NotificationCenter.framework; path = System/Library/Frameworks/NotificationCenter.framework; sourceTree = SDKROOT; };
		35F0438720098FE4000B5935 /* WidgetViewController.swift */ = {isa = PBXFileReference; lastKnownFileType = sourcecode.swift; path = WidgetViewController.swift; sourceTree = "<group>"; };
		35F0438A20098FE4000B5935 /* Base */ = {isa = PBXFileReference; lastKnownFileType = file.storyboard; name = Base; path = Base.lproj/MainInterface.storyboard; sourceTree = "<group>"; };
		35F0438C20098FE4000B5935 /* Info.plist */ = {isa = PBXFileReference; lastKnownFileType = text.plist.xml; path = Info.plist; sourceTree = "<group>"; };
		C9037B441F5D46AA00FD6FB2 /* FlightTabFlightTVCellViewModel.swift */ = {isa = PBXFileReference; lastKnownFileType = sourcecode.swift; path = FlightTabFlightTVCellViewModel.swift; sourceTree = "<group>"; };
		C903830920033E900021C340 /* DestinationFilterDataModel.swift */ = {isa = PBXFileReference; lastKnownFileType = sourcecode.swift; path = DestinationFilterDataModel.swift; sourceTree = "<group>"; };
		C903830B200341FF0021C340 /* DestinationFilterViewModelTests.swift */ = {isa = PBXFileReference; lastKnownFileType = sourcecode.swift; path = DestinationFilterViewModelTests.swift; sourceTree = "<group>"; };
		C903830D200342590021C340 /* MockDestinationFilterDataModel.swift */ = {isa = PBXFileReference; lastKnownFileType = sourcecode.swift; path = MockDestinationFilterDataModel.swift; sourceTree = "<group>"; };
		C9084C572004B10B00800FF9 /* UIImage+MaskColor.swift */ = {isa = PBXFileReference; lastKnownFileType = sourcecode.swift; path = "UIImage+MaskColor.swift"; sourceTree = "<group>"; };
		C9084C592004B66100800FF9 /* MockDestinationFilterCoordinator.swift */ = {isa = PBXFileReference; lastKnownFileType = sourcecode.swift; path = MockDestinationFilterCoordinator.swift; sourceTree = "<group>"; };
		C90970482048E3030058FDD8 /* AnalyticsManager.swift */ = {isa = PBXFileReference; lastKnownFileType = sourcecode.swift; path = AnalyticsManager.swift; sourceTree = "<group>"; };
		C909704A2048E4BA0058FDD8 /* AnalyticsEngine.swift */ = {isa = PBXFileReference; lastKnownFileType = sourcecode.swift; path = AnalyticsEngine.swift; sourceTree = "<group>"; };
		C909704C2048E4CA0058FDD8 /* AnalyticsEvent.swift */ = {isa = PBXFileReference; lastKnownFileType = sourcecode.swift; path = AnalyticsEvent.swift; sourceTree = "<group>"; };
		C909704E2048EE6F0058FDD8 /* CloudKitAnalyticsEngine.swift */ = {isa = PBXFileReference; lastKnownFileType = sourcecode.swift; path = CloudKitAnalyticsEngine.swift; sourceTree = "<group>"; };
		C910CDB31F5E104A0018246C /* FlightTabFlightTVCellViewModelTests.swift */ = {isa = PBXFileReference; lastKnownFileType = sourcecode.swift; path = FlightTabFlightTVCellViewModelTests.swift; sourceTree = "<group>"; };
		C9171AF41F562F8600D9BE66 /* FlightTabViewController.swift */ = {isa = PBXFileReference; lastKnownFileType = sourcecode.swift; path = FlightTabViewController.swift; sourceTree = "<group>"; };
		C9171AF71F5630DA00D9BE66 /* IMAGES.swift */ = {isa = PBXFileReference; lastKnownFileType = sourcecode.swift; path = IMAGES.swift; sourceTree = "<group>"; };
		C9171AF91F56317500D9BE66 /* COLORS.swift */ = {isa = PBXFileReference; lastKnownFileType = sourcecode.swift; path = COLORS.swift; sourceTree = "<group>"; };
		C9171AFB1F5631D900D9BE66 /* TABBARS.swift */ = {isa = PBXFileReference; lastKnownFileType = sourcecode.swift; path = TABBARS.swift; sourceTree = "<group>"; };
		C922E5551F5F747400689AE7 /* DateUtility.swift */ = {isa = PBXFileReference; lastKnownFileType = sourcecode.swift; path = DateUtility.swift; sourceTree = "<group>"; };
		C922E5591F5F761100689AE7 /* DateUtilityTests.swift */ = {isa = PBXFileReference; lastKnownFileType = sourcecode.swift; path = DateUtilityTests.swift; sourceTree = "<group>"; };
		C9239ED1201ACDAA003DD7BC /* DiscoveryCity.swift */ = {isa = PBXFileReference; lastKnownFileType = sourcecode.swift; path = DiscoveryCity.swift; sourceTree = "<group>"; };
		C9250FFD1F6116D1005CA7D1 /* UILabel+TopAlign.swift */ = {isa = PBXFileReference; lastKnownFileType = sourcecode.swift; path = "UILabel+TopAlign.swift"; sourceTree = "<group>"; };
		C92BDF021F54E00800284B44 /* Ceair.app */ = {isa = PBXFileReference; explicitFileType = wrapper.application; includeInIndex = 0; path = Ceair.app; sourceTree = BUILT_PRODUCTS_DIR; };
		C92BDF051F54E00800284B44 /* AppDelegate.swift */ = {isa = PBXFileReference; lastKnownFileType = sourcecode.swift; path = AppDelegate.swift; sourceTree = "<group>"; };
		C92BDF0C1F54E00800284B44 /* Assets.xcassets */ = {isa = PBXFileReference; lastKnownFileType = folder.assetcatalog; path = Assets.xcassets; sourceTree = "<group>"; };
		C92BDF0F1F54E00800284B44 /* Base */ = {isa = PBXFileReference; lastKnownFileType = file.storyboard; name = Base; path = Base.lproj/LaunchScreen.storyboard; sourceTree = "<group>"; };
		C92BDF161F54E00800284B44 /* CeairTests.xctest */ = {isa = PBXFileReference; explicitFileType = wrapper.cfbundle; includeInIndex = 0; path = CeairTests.xctest; sourceTree = BUILT_PRODUCTS_DIR; };
		C92BDF1A1F54E00800284B44 /* CeairTests.swift */ = {isa = PBXFileReference; lastKnownFileType = sourcecode.swift; path = CeairTests.swift; sourceTree = "<group>"; };
		C92BDF1C1F54E00800284B44 /* Info.plist */ = {isa = PBXFileReference; lastKnownFileType = text.plist.xml; path = Info.plist; sourceTree = "<group>"; };
		C92BDF291F54E09200284B44 /* UIColor+HEXString.swift */ = {isa = PBXFileReference; lastKnownFileType = sourcecode.swift; path = "UIColor+HEXString.swift"; sourceTree = "<group>"; };
		C92BDF2F1F54E17100284B44 /* BookingTabViewController.swift */ = {isa = PBXFileReference; lastKnownFileType = sourcecode.swift; path = BookingTabViewController.swift; sourceTree = "<group>"; };
		C92CBDC220196BD4004B64D7 /* DiscoveryTheme.swift */ = {isa = PBXFileReference; lastKnownFileType = sourcecode.swift; path = DiscoveryTheme.swift; sourceTree = "<group>"; };
		C93837DE202BDE2F0093478F /* LoadingView.swift */ = {isa = PBXFileReference; lastKnownFileType = sourcecode.swift; path = LoadingView.swift; sourceTree = "<group>"; };
		C94272EC2018239A00E97620 /* RouteViewController.swift */ = {isa = PBXFileReference; lastKnownFileType = sourcecode.swift; path = RouteViewController.swift; sourceTree = "<group>"; };
		C94272EE201823E400E97620 /* RouteCollectionView.swift */ = {isa = PBXFileReference; lastKnownFileType = sourcecode.swift; path = RouteCollectionView.swift; sourceTree = "<group>"; };
		C94272F12018247D00E97620 /* RouteCollectionCell.swift */ = {isa = PBXFileReference; lastKnownFileType = sourcecode.swift; path = RouteCollectionCell.swift; sourceTree = "<group>"; };
		C94272F42018272700E97620 /* RouteCoordinator.swift */ = {isa = PBXFileReference; lastKnownFileType = sourcecode.swift; path = RouteCoordinator.swift; sourceTree = "<group>"; };
		C94272F720182C1000E97620 /* RouteViewModel.swift */ = {isa = PBXFileReference; lastKnownFileType = sourcecode.swift; path = RouteViewModel.swift; sourceTree = "<group>"; };
		C94272F920182F7900E97620 /* RouteViewModelTests.swift */ = {isa = PBXFileReference; lastKnownFileType = sourcecode.swift; path = RouteViewModelTests.swift; sourceTree = "<group>"; };
		C94272FB20182F9B00E97620 /* MockRouteCoordinator.swift */ = {isa = PBXFileReference; lastKnownFileType = sourcecode.swift; path = MockRouteCoordinator.swift; sourceTree = "<group>"; };
		C94272FF2018521A00E97620 /* ChartCollectionView.swift */ = {isa = PBXFileReference; lastKnownFileType = sourcecode.swift; path = ChartCollectionView.swift; sourceTree = "<group>"; };
		C94273012018523A00E97620 /* ChartCollectionCell.swift */ = {isa = PBXFileReference; lastKnownFileType = sourcecode.swift; path = ChartCollectionCell.swift; sourceTree = "<group>"; };
		C95368841F620AE100CFE1F4 /* UIButton+CenterSpace.swift */ = {isa = PBXFileReference; lastKnownFileType = sourcecode.swift; path = "UIButton+CenterSpace.swift"; sourceTree = "<group>"; };
		C958809D2015783700420FB2 /* UIViewController+DismissKeyboard.swift */ = {isa = PBXFileReference; lastKnownFileType = sourcecode.swift; path = "UIViewController+DismissKeyboard.swift"; sourceTree = "<group>"; };
		C95880A02015C38300420FB2 /* MyViewController.swift */ = {isa = PBXFileReference; lastKnownFileType = sourcecode.swift; path = MyViewController.swift; sourceTree = "<group>"; };
		C95880A42015D6FA00420FB2 /* RadialGradientView.swift */ = {isa = PBXFileReference; lastKnownFileType = sourcecode.swift; path = RadialGradientView.swift; sourceTree = "<group>"; };
		C960CE4A2022E5E900DCD69E /* CacheUtility.swift */ = {isa = PBXFileReference; lastKnownFileType = sourcecode.swift; path = CacheUtility.swift; sourceTree = "<group>"; };
		C96AF29A1F67609B00E5B6F8 /* UserConfig.swift */ = {isa = PBXFileReference; lastKnownFileType = sourcecode.swift; path = UserConfig.swift; sourceTree = "<group>"; };
		C973BBDF1F59547500391516 /* BaseCVCell.swift */ = {isa = PBXFileReference; lastKnownFileType = sourcecode.swift; path = BaseCVCell.swift; sourceTree = "<group>"; };
		C982F3C11F8CA2B50046197A /* Main.storyboard */ = {isa = PBXFileReference; lastKnownFileType = file.storyboard; path = Main.storyboard; sourceTree = "<group>"; };
		C982F3C31F8CA2DA0046197A /* DetailViewController.swift */ = {isa = PBXFileReference; lastKnownFileType = sourcecode.swift; path = DetailViewController.swift; sourceTree = "<group>"; };
		C987FF07201AB6E700FCF3B4 /* SwiftyBeaver.framework */ = {isa = PBXFileReference; lastKnownFileType = wrapper.framework; name = SwiftyBeaver.framework; path = Carthage/Build/iOS/SwiftyBeaver.framework; sourceTree = "<group>"; };
		C987FF0A201AB6FF00FCF3B4 /* SwiftyJSON.framework */ = {isa = PBXFileReference; lastKnownFileType = wrapper.framework; name = SwiftyJSON.framework; path = Carthage/Build/iOS/SwiftyJSON.framework; sourceTree = "<group>"; };
		C987FF0E201AB7BF00FCF3B4 /* SwiftyBeaver.framework.dSYM */ = {isa = PBXFileReference; lastKnownFileType = wrapper.dsym; name = SwiftyBeaver.framework.dSYM; path = Carthage/Build/iOS/SwiftyBeaver.framework.dSYM; sourceTree = "<group>"; };
		C987FF10201AB7D400FCF3B4 /* SwiftyJSON.framework.dSYM */ = {isa = PBXFileReference; lastKnownFileType = wrapper.dsym; name = SwiftyJSON.framework.dSYM; path = Carthage/Build/iOS/SwiftyJSON.framework.dSYM; sourceTree = "<group>"; };
		C98A15F61F8C3AA700B5B477 /* MoreTabViewController.swift */ = {isa = PBXFileReference; lastKnownFileType = sourcecode.swift; path = MoreTabViewController.swift; sourceTree = "<group>"; };
		C98C761E1F57DD97007EB4E2 /* Coordinator.swift */ = {isa = PBXFileReference; lastKnownFileType = sourcecode.swift; path = Coordinator.swift; sourceTree = "<group>"; };
		C98C76201F57DDD3007EB4E2 /* AppCoordinator.swift */ = {isa = PBXFileReference; lastKnownFileType = sourcecode.swift; path = AppCoordinator.swift; sourceTree = "<group>"; };
		C98C76231F57DE72007EB4E2 /* LaunchUtility.swift */ = {isa = PBXFileReference; lastKnownFileType = sourcecode.swift; path = LaunchUtility.swift; sourceTree = "<group>"; };
		C98C76251F57DEC6007EB4E2 /* DEFAULTS.swift */ = {isa = PBXFileReference; lastKnownFileType = sourcecode.swift; path = DEFAULTS.swift; sourceTree = "<group>"; };
		C98C76271F57E156007EB4E2 /* TabBarCoordinator.swift */ = {isa = PBXFileReference; lastKnownFileType = sourcecode.swift; path = TabBarCoordinator.swift; sourceTree = "<group>"; };
		C9979CA61FFB05D300540B2C /* DiscoveryViewController.swift */ = {isa = PBXFileReference; lastKnownFileType = sourcecode.swift; path = DiscoveryViewController.swift; sourceTree = "<group>"; };
		C9979CA91FFB070100540B2C /* DiscoveryViewModel.swift */ = {isa = PBXFileReference; lastKnownFileType = sourcecode.swift; path = DiscoveryViewModel.swift; sourceTree = "<group>"; };
		C9979CAC1FFB073C00540B2C /* DiscoveryDataModel.swift */ = {isa = PBXFileReference; lastKnownFileType = sourcecode.swift; path = DiscoveryDataModel.swift; sourceTree = "<group>"; };
		C9979CAF1FFB07CA00540B2C /* DiscoveryViewModelTests.swift */ = {isa = PBXFileReference; lastKnownFileType = sourcecode.swift; path = DiscoveryViewModelTests.swift; sourceTree = "<group>"; };
		C9979CB21FFB089300540B2C /* MockDiscoveryDataModel.swift */ = {isa = PBXFileReference; lastKnownFileType = sourcecode.swift; path = MockDiscoveryDataModel.swift; sourceTree = "<group>"; };
		C99A97DD1F5950C500318E83 /* IDENTIFIERS.swift */ = {isa = PBXFileReference; lastKnownFileType = sourcecode.swift; path = IDENTIFIERS.swift; sourceTree = "<group>"; };
		C99FBFF31F67D52A00C9210B /* NetworkHandler.swift */ = {isa = PBXFileReference; lastKnownFileType = sourcecode.swift; path = NetworkHandler.swift; sourceTree = "<group>"; };
		C9B54E961FFC658F0027A93E /* DestinationViewController.swift */ = {isa = PBXFileReference; lastKnownFileType = sourcecode.swift; path = DestinationViewController.swift; sourceTree = "<group>"; };
		C9B54E9A1FFC66090027A93E /* DestinationViewModel.swift */ = {isa = PBXFileReference; lastKnownFileType = sourcecode.swift; path = DestinationViewModel.swift; sourceTree = "<group>"; };
		C9B54E9C1FFC66240027A93E /* DestinationDataModel.swift */ = {isa = PBXFileReference; lastKnownFileType = sourcecode.swift; path = DestinationDataModel.swift; sourceTree = "<group>"; };
		C9B54E9E1FFC672B0027A93E /* DiscoveryCoordinator.swift */ = {isa = PBXFileReference; lastKnownFileType = sourcecode.swift; path = DiscoveryCoordinator.swift; sourceTree = "<group>"; };
		C9B54EA01FFC6FA30027A93E /* MockDiscoveryCoordinator.swift */ = {isa = PBXFileReference; lastKnownFileType = sourcecode.swift; path = MockDiscoveryCoordinator.swift; sourceTree = "<group>"; };
		C9B54EA61FFC7E150027A93E /* DestinationCoordinator.swift */ = {isa = PBXFileReference; lastKnownFileType = sourcecode.swift; path = DestinationCoordinator.swift; sourceTree = "<group>"; };
		C9B54EA81FFC8AB00027A93E /* UIApplication+TopController.swift */ = {isa = PBXFileReference; lastKnownFileType = sourcecode.swift; path = "UIApplication+TopController.swift"; sourceTree = "<group>"; };
		C9B54EAA1FFC9D710027A93E /* DestinationFilterView.swift */ = {isa = PBXFileReference; lastKnownFileType = sourcecode.swift; path = DestinationFilterView.swift; sourceTree = "<group>"; };
		C9B54EAC1FFCA5590027A93E /* UITabBarController+Hide.swift */ = {isa = PBXFileReference; lastKnownFileType = sourcecode.swift; path = "UITabBarController+Hide.swift"; sourceTree = "<group>"; };
		C9B54EAE1FFCBCCE0027A93E /* DestinationViewModelTests.swift */ = {isa = PBXFileReference; lastKnownFileType = sourcecode.swift; path = DestinationViewModelTests.swift; sourceTree = "<group>"; };
		C9B54EB01FFCBD2A0027A93E /* MockDestinationDataModel.swift */ = {isa = PBXFileReference; lastKnownFileType = sourcecode.swift; path = MockDestinationDataModel.swift; sourceTree = "<group>"; };
		C9B54EB21FFCBD660027A93E /* MockDestinationCoordinator.swift */ = {isa = PBXFileReference; lastKnownFileType = sourcecode.swift; path = MockDestinationCoordinator.swift; sourceTree = "<group>"; };
		C9B54EB41FFCBFE90027A93E /* DestinationFilterCoordinator.swift */ = {isa = PBXFileReference; lastKnownFileType = sourcecode.swift; path = DestinationFilterCoordinator.swift; sourceTree = "<group>"; };
		C9B54EB61FFCC21C0027A93E /* DestinationFilterViewModel.swift */ = {isa = PBXFileReference; lastKnownFileType = sourcecode.swift; path = DestinationFilterViewModel.swift; sourceTree = "<group>"; };
		C9BD96EA1F69161900640E80 /* NetworkError.swift */ = {isa = PBXFileReference; lastKnownFileType = sourcecode.swift; path = NetworkError.swift; sourceTree = "<group>"; };
		C9C029BC202930BA0056CB4A /* CartoonSearchView.swift */ = {isa = PBXFileReference; lastKnownFileType = sourcecode.swift; path = CartoonSearchView.swift; sourceTree = "<group>"; };
		C9C306641F627F600020A316 /* User.swift */ = {isa = PBXFileReference; lastKnownFileType = sourcecode.swift; path = User.swift; sourceTree = "<group>"; };
		C9C306661F62809F0020A316 /* Centificate.swift */ = {isa = PBXFileReference; lastKnownFileType = sourcecode.swift; path = Centificate.swift; sourceTree = "<group>"; };
		C9C719262047E361000D6416 /* LoadingViewController.swift */ = {isa = PBXFileReference; lastKnownFileType = sourcecode.swift; path = LoadingViewController.swift; sourceTree = "<group>"; };
		C9C719282047E586000D6416 /* UIViewController+ChildVC.swift */ = {isa = PBXFileReference; lastKnownFileType = sourcecode.swift; path = "UIViewController+ChildVC.swift"; sourceTree = "<group>"; };
		C9CF91A21F554F4800F352F0 /* Flight.swift */ = {isa = PBXFileReference; lastKnownFileType = sourcecode.swift; path = Flight.swift; sourceTree = "<group>"; };
		C9DB6C0A1FFDB512001F2AA2 /* FilterCollectionView.swift */ = {isa = PBXFileReference; lastKnownFileType = sourcecode.swift; path = FilterCollectionView.swift; sourceTree = "<group>"; };
		C9DB6C0C1FFDB528001F2AA2 /* FilterCollectionCell.swift */ = {isa = PBXFileReference; lastKnownFileType = sourcecode.swift; path = FilterCollectionCell.swift; sourceTree = "<group>"; };
		C9DBDF6F1FFB409E00BFC093 /* ActivityCollectionView.swift */ = {isa = PBXFileReference; lastKnownFileType = sourcecode.swift; path = ActivityCollectionView.swift; sourceTree = "<group>"; };
		C9DBDF711FFB425500BFC093 /* ActivityCollectionCell.swift */ = {isa = PBXFileReference; lastKnownFileType = sourcecode.swift; path = ActivityCollectionCell.swift; sourceTree = "<group>"; };
		C9DBDF731FFB586800BFC093 /* CityCollectionView.swift */ = {isa = PBXFileReference; lastKnownFileType = sourcecode.swift; path = CityCollectionView.swift; sourceTree = "<group>"; };
		C9DBDF751FFB588400BFC093 /* CityCollectionCell.swift */ = {isa = PBXFileReference; lastKnownFileType = sourcecode.swift; path = CityCollectionCell.swift; sourceTree = "<group>"; };
		C9DBDF771FFB73EE00BFC093 /* ThemeCollectionView.swift */ = {isa = PBXFileReference; lastKnownFileType = sourcecode.swift; path = ThemeCollectionView.swift; sourceTree = "<group>"; };
		C9DBDF791FFB740900BFC093 /* ThemeCollectionCell.swift */ = {isa = PBXFileReference; lastKnownFileType = sourcecode.swift; path = ThemeCollectionCell.swift; sourceTree = "<group>"; };
		C9DDAF42200465900036132A /* CEHTTP.framework */ = {isa = PBXFileReference; lastKnownFileType = wrapper.framework; name = CEHTTP.framework; path = Frameworks/CEHTTP.framework; sourceTree = "<group>"; };
		C9E09DDE1F68A76C007D0698 /* NETWORKS.swift */ = {isa = PBXFileReference; lastKnownFileType = sourcecode.swift; path = NETWORKS.swift; sourceTree = "<group>"; };
		C9E927151F58CDA000BC5183 /* FlightTabDataModel.swift */ = {isa = PBXFileReference; lastKnownFileType = sourcecode.swift; path = FlightTabDataModel.swift; sourceTree = "<group>"; };
		C9E927191F58CF0F00BC5183 /* FlightTabViewModelTests.swift */ = {isa = PBXFileReference; lastKnownFileType = sourcecode.swift; path = FlightTabViewModelTests.swift; sourceTree = "<group>"; };
		C9E9271B1F58D0A800BC5183 /* MockFlightTabDataModel.swift */ = {isa = PBXFileReference; lastKnownFileType = sourcecode.swift; path = MockFlightTabDataModel.swift; sourceTree = "<group>"; };
		C9EB9DE61F57E83000A39AB0 /* FlightTabViewModel.swift */ = {isa = PBXFileReference; lastKnownFileType = sourcecode.swift; path = FlightTabViewModel.swift; sourceTree = "<group>"; };
		C9EE0B681F5956C9009AF961 /* BaseTVCell.swift */ = {isa = PBXFileReference; lastKnownFileType = sourcecode.swift; path = BaseTVCell.swift; sourceTree = "<group>"; };
		C9EE0B6A1F59575A009AF961 /* FlightTabFlightTVCell.swift */ = {isa = PBXFileReference; lastKnownFileType = sourcecode.swift; path = FlightTabFlightTVCell.swift; sourceTree = "<group>"; };
		C9EE6F0F1F6128C2009A4268 /* Info.plist */ = {isa = PBXFileReference; fileEncoding = 4; lastKnownFileType = text.plist.xml; path = Info.plist; sourceTree = "<group>"; };
		C9FCBAC11F577EFE00B6788A /* URLS.swift */ = {isa = PBXFileReference; lastKnownFileType = sourcecode.swift; path = URLS.swift; sourceTree = "<group>"; };
		C9FCBAC31F57847700B6788A /* LABELS.swift */ = {isa = PBXFileReference; lastKnownFileType = sourcecode.swift; path = LABELS.swift; sourceTree = "<group>"; };
		C9FCBAC51F578CA500B6788A /* UIView+Constraint.swift */ = {isa = PBXFileReference; lastKnownFileType = sourcecode.swift; path = "UIView+Constraint.swift"; sourceTree = "<group>"; };
		C9FD533720059A3F00D7B2ED /* StackStructure.swift */ = {isa = PBXFileReference; lastKnownFileType = sourcecode.swift; path = StackStructure.swift; sourceTree = "<group>"; };
		C9FD533920059B4900D7B2ED /* StackStructureTests.swift */ = {isa = PBXFileReference; lastKnownFileType = sourcecode.swift; path = StackStructureTests.swift; sourceTree = "<group>"; };
		C9FD533B2005DC8B00D7B2ED /* DestinationCollectionView.swift */ = {isa = PBXFileReference; lastKnownFileType = sourcecode.swift; path = DestinationCollectionView.swift; sourceTree = "<group>"; };
		C9FD533D2005DCA400D7B2ED /* DestinationCollectionCell.swift */ = {isa = PBXFileReference; lastKnownFileType = sourcecode.swift; path = DestinationCollectionCell.swift; sourceTree = "<group>"; };
		C9FD53412005FDB400D7B2ED /* MoreThemeCollectionView.swift */ = {isa = PBXFileReference; lastKnownFileType = sourcecode.swift; path = MoreThemeCollectionView.swift; sourceTree = "<group>"; };
		C9FD53432005FDC700D7B2ED /* MoreThemeCollectionCell.swift */ = {isa = PBXFileReference; lastKnownFileType = sourcecode.swift; path = MoreThemeCollectionCell.swift; sourceTree = "<group>"; };
/* End PBXFileReference section */

/* Begin PBXFrameworksBuildPhase section */
		35F0438020098FE4000B5935 /* Frameworks */ = {
			isa = PBXFrameworksBuildPhase;
			buildActionMask = 2147483647;
			files = (
				35F0438520098FE4000B5935 /* NotificationCenter.framework in Frameworks */,
			);
			runOnlyForDeploymentPostprocessing = 0;
		};
		C92BDEFF1F54E00800284B44 /* Frameworks */ = {
			isa = PBXFrameworksBuildPhase;
			buildActionMask = 2147483647;
			files = (
				C9DDAF4A200467AC0036132A /* CEHTTP.framework in Frameworks */,
				C987FF08201AB6E700FCF3B4 /* SwiftyBeaver.framework in Frameworks */,
				C987FF0B201AB6FF00FCF3B4 /* SwiftyJSON.framework in Frameworks */,
			);
			runOnlyForDeploymentPostprocessing = 0;
		};
		C92BDF131F54E00800284B44 /* Frameworks */ = {
			isa = PBXFrameworksBuildPhase;
			buildActionMask = 2147483647;
			files = (
			);
			runOnlyForDeploymentPostprocessing = 0;
		};
/* End PBXFrameworksBuildPhase section */

/* Begin PBXGroup section */
		034381E5067D15B48F34E863 /* Frameworks */ = {
			isa = PBXGroup;
			children = (
				C9DDAF42200465900036132A /* CEHTTP.framework */,
				35F0438420098FE4000B5935 /* NotificationCenter.framework */,
			);
			name = Frameworks;
			sourceTree = "<group>";
		};
		35F0438620098FE4000B5935 /* Widget */ = {
			isa = PBXGroup;
			children = (
				35F0438720098FE4000B5935 /* WidgetViewController.swift */,
				35F0438920098FE4000B5935 /* MainInterface.storyboard */,
				35F0438C20098FE4000B5935 /* Info.plist */,
			);
			path = Widget;
			sourceTree = "<group>";
		};
		C90970472048E2CF0058FDD8 /* Analytics */ = {
			isa = PBXGroup;
			children = (
				C90970482048E3030058FDD8 /* AnalyticsManager.swift */,
				C909704A2048E4BA0058FDD8 /* AnalyticsEngine.swift */,
				C909704C2048E4CA0058FDD8 /* AnalyticsEvent.swift */,
				C909704E2048EE6F0058FDD8 /* CloudKitAnalyticsEngine.swift */,
			);
			path = Analytics;
			sourceTree = "<group>";
		};
		C9171AF61F56308300D9BE66 /* Constants */ = {
			isa = PBXGroup;
			children = (
				C9171AF91F56317500D9BE66 /* COLORS.swift */,
				C98C76251F57DEC6007EB4E2 /* DEFAULTS.swift */,
				C99A97DD1F5950C500318E83 /* IDENTIFIERS.swift */,
				C9171AF71F5630DA00D9BE66 /* IMAGES.swift */,
				C9FCBAC31F57847700B6788A /* LABELS.swift */,
				C9E09DDE1F68A76C007D0698 /* NETWORKS.swift */,
				C9171AFB1F5631D900D9BE66 /* TABBARS.swift */,
				C9FCBAC11F577EFE00B6788A /* URLS.swift */,
			);
			path = Constants;
			sourceTree = "<group>";
		};
		C922E5571F5F75C400689AE7 /* ViewModels */ = {
			isa = PBXGroup;
			children = (
				C9E927171F58CE9800BC5183 /* Flight */,
				C9979CAE1FFB079D00540B2C /* Discovery */,
			);
			path = ViewModels;
			sourceTree = "<group>";
		};
		C922E5581F5F75DD00689AE7 /* Utilities */ = {
			isa = PBXGroup;
			children = (
				C922E5591F5F761100689AE7 /* DateUtilityTests.swift */,
				C9FD533920059B4900D7B2ED /* StackStructureTests.swift */,
			);
			path = Utilities;
			sourceTree = "<group>";
		};
		C92BDEF91F54E00800284B44 = {
			isa = PBXGroup;
			children = (
				C987FF10201AB7D400FCF3B4 /* SwiftyJSON.framework.dSYM */,
				C987FF0E201AB7BF00FCF3B4 /* SwiftyBeaver.framework.dSYM */,
				C987FF0A201AB6FF00FCF3B4 /* SwiftyJSON.framework */,
				C987FF07201AB6E700FCF3B4 /* SwiftyBeaver.framework */,
				C92BDF041F54E00800284B44 /* Ceair */,
				C92BDF191F54E00800284B44 /* CeairTests */,
				35F0438620098FE4000B5935 /* Widget */,
				C92BDF031F54E00800284B44 /* Products */,
				034381E5067D15B48F34E863 /* Frameworks */,
			);
			sourceTree = "<group>";
		};
		C92BDF031F54E00800284B44 /* Products */ = {
			isa = PBXGroup;
			children = (
				C92BDF021F54E00800284B44 /* Ceair.app */,
				C92BDF161F54E00800284B44 /* CeairTests.xctest */,
				35F0438320098FE4000B5935 /* Widget.appex */,
			);
			name = Products;
			sourceTree = "<group>";
		};
		C92BDF041F54E00800284B44 /* Ceair */ = {
			isa = PBXGroup;
			children = (
				C92BDF051F54E00800284B44 /* AppDelegate.swift */,
				C92BDF2D1F54E0CF00284B44 /* Coordinators */,
				C92BDF261F54E06100284B44 /* Views */,
				C92BDF271F54E06700284B44 /* Models */,
				C9CF91A01F554F1000F352F0 /* Networks */,
				C92BDF281F54E07000284B44 /* Extensions */,
				C98C76221F57DE4E007EB4E2 /* Utilities */,
				C90970472048E2CF0058FDD8 /* Analytics */,
				C9171AF61F56308300D9BE66 /* Constants */,
				C92BDF251F54E04100284B44 /* Supporting Files */,
			);
			path = Ceair;
			sourceTree = "<group>";
		};
		C92BDF191F54E00800284B44 /* CeairTests */ = {
			isa = PBXGroup;
			children = (
				C922E5571F5F75C400689AE7 /* ViewModels */,
				C922E5581F5F75DD00689AE7 /* Utilities */,
				C92BDF1A1F54E00800284B44 /* CeairTests.swift */,
				C92BDF1C1F54E00800284B44 /* Info.plist */,
			);
			path = CeairTests;
			sourceTree = "<group>";
		};
		C92BDF251F54E04100284B44 /* Supporting Files */ = {
			isa = PBXGroup;
			children = (
				C9EE6F0F1F6128C2009A4268 /* Info.plist */,
				C92BDF0E1F54E00800284B44 /* LaunchScreen.storyboard */,
				C92BDF0C1F54E00800284B44 /* Assets.xcassets */,
			);
			path = "Supporting Files";
			sourceTree = "<group>";
		};
		C92BDF261F54E06100284B44 /* Views */ = {
			isa = PBXGroup;
			children = (
				C973BBDE1F59545F00391516 /* Bases */,
				C9C719252047E33B000D6416 /* Common */,
				C92BDF2E1F54E14600284B44 /* Booking */,
				C9CF91A41F5552C400F352F0 /* Flight */,
				C9979CA51FFB058F00540B2C /* Discovery */,
				C98A15F51F8C3A7A00B5B477 /* More */,
				C958809F2015C30800420FB2 /* My */,
			);
			path = Views;
			sourceTree = "<group>";
		};
		C92BDF271F54E06700284B44 /* Models */ = {
			isa = PBXGroup;
			children = (
				C92CBDC120196B3B004B64D7 /* Discovery */,
				C9C306631F627F3D0020A316 /* Users */,
				C9CF91A11F554F2200F352F0 /* Flights */,
			);
			path = Models;
			sourceTree = "<group>";
		};
		C92BDF281F54E07000284B44 /* Extensions */ = {
			isa = PBXGroup;
			children = (
				C95368841F620AE100CFE1F4 /* UIButton+CenterSpace.swift */,
				C92BDF291F54E09200284B44 /* UIColor+HEXString.swift */,
				C9250FFD1F6116D1005CA7D1 /* UILabel+TopAlign.swift */,
				C9FCBAC51F578CA500B6788A /* UIView+Constraint.swift */,
				C9B54EA81FFC8AB00027A93E /* UIApplication+TopController.swift */,
				C9B54EAC1FFCA5590027A93E /* UITabBarController+Hide.swift */,
				C9084C572004B10B00800FF9 /* UIImage+MaskColor.swift */,
				C958809D2015783700420FB2 /* UIViewController+DismissKeyboard.swift */,
				C95880A42015D6FA00420FB2 /* RadialGradientView.swift */,
				C9C719282047E586000D6416 /* UIViewController+ChildVC.swift */,
			);
			path = Extensions;
			sourceTree = "<group>";
		};
		C92BDF2D1F54E0CF00284B44 /* Coordinators */ = {
			isa = PBXGroup;
			children = (
				C98C761E1F57DD97007EB4E2 /* Coordinator.swift */,
				C98C76201F57DDD3007EB4E2 /* AppCoordinator.swift */,
				C98C76271F57E156007EB4E2 /* TabBarCoordinator.swift */,
				C94272F3201826D100E97620 /* Discovery */,
			);
			path = Coordinators;
			sourceTree = "<group>";
		};
		C92BDF2E1F54E14600284B44 /* Booking */ = {
			isa = PBXGroup;
			children = (
				C92BDF2F1F54E17100284B44 /* BookingTabViewController.swift */,
			);
			path = Booking;
			sourceTree = "<group>";
		};
		C92CBDC120196B3B004B64D7 /* Discovery */ = {
			isa = PBXGroup;
			children = (
				C92CBDC220196BD4004B64D7 /* DiscoveryTheme.swift */,
				C9239ED1201ACDAA003DD7BC /* DiscoveryCity.swift */,
			);
			path = Discovery;
			sourceTree = "<group>";
		};
		C94272F02018241000E97620 /* Route */ = {
			isa = PBXGroup;
			children = (
				C94272EC2018239A00E97620 /* RouteViewController.swift */,
				C94272EE201823E400E97620 /* RouteCollectionView.swift */,
				C94272F12018247D00E97620 /* RouteCollectionCell.swift */,
				C94272FF2018521A00E97620 /* ChartCollectionView.swift */,
				C94273012018523A00E97620 /* ChartCollectionCell.swift */,
				C94272F620182BF200E97620 /* ViewModels */,
			);
			path = Route;
			sourceTree = "<group>";
		};
		C94272F3201826D100E97620 /* Discovery */ = {
			isa = PBXGroup;
			children = (
				C9B54E9E1FFC672B0027A93E /* DiscoveryCoordinator.swift */,
				C9B54EA61FFC7E150027A93E /* DestinationCoordinator.swift */,
				C9B54EB41FFCBFE90027A93E /* DestinationFilterCoordinator.swift */,
				C94272F42018272700E97620 /* RouteCoordinator.swift */,
			);
			path = Discovery;
			sourceTree = "<group>";
		};
		C94272F620182BF200E97620 /* ViewModels */ = {
			isa = PBXGroup;
			children = (
				C94272F720182C1000E97620 /* RouteViewModel.swift */,
			);
			path = ViewModels;
			sourceTree = "<group>";
		};
		C958809F2015C30800420FB2 /* My */ = {
			isa = PBXGroup;
			children = (
				C95880A02015C38300420FB2 /* MyViewController.swift */,
			);
			path = My;
			sourceTree = "<group>";
		};
		C973BBDE1F59545F00391516 /* Bases */ = {
			isa = PBXGroup;
			children = (
				C9EE0B681F5956C9009AF961 /* BaseTVCell.swift */,
				C973BBDF1F59547500391516 /* BaseCVCell.swift */,
				C93837DE202BDE2F0093478F /* LoadingView.swift */,
			);
			path = Bases;
			sourceTree = "<group>";
		};
		C98A15F51F8C3A7A00B5B477 /* More */ = {
			isa = PBXGroup;
			children = (
				C98A15F61F8C3AA700B5B477 /* MoreTabViewController.swift */,
				C982F3C31F8CA2DA0046197A /* DetailViewController.swift */,
				C982F3C11F8CA2B50046197A /* Main.storyboard */,
			);
			path = More;
			sourceTree = "<group>";
		};
		C98C76221F57DE4E007EB4E2 /* Utilities */ = {
			isa = PBXGroup;
			children = (
				C922E5551F5F747400689AE7 /* DateUtility.swift */,
				C960CE4A2022E5E900DCD69E /* CacheUtility.swift */,
				C98C76231F57DE72007EB4E2 /* LaunchUtility.swift */,
				C9FD533720059A3F00D7B2ED /* StackStructure.swift */,
				35441E072019EE44002DA4B4 /* DeviceUtility.swift */,
				C96AF29A1F67609B00E5B6F8 /* UserConfig.swift */,
			);
			path = Utilities;
			sourceTree = "<group>";
		};
		C9979CA51FFB058F00540B2C /* Discovery */ = {
			isa = PBXGroup;
			children = (
				C9979CA61FFB05D300540B2C /* DiscoveryViewController.swift */,
				C9C029BC202930BA0056CB4A /* CartoonSearchView.swift */,
				C9DBDF6F1FFB409E00BFC093 /* ActivityCollectionView.swift */,
				C9DBDF711FFB425500BFC093 /* ActivityCollectionCell.swift */,
				C9DBDF731FFB586800BFC093 /* CityCollectionView.swift */,
				C9DBDF751FFB588400BFC093 /* CityCollectionCell.swift */,
				C9DBDF771FFB73EE00BFC093 /* ThemeCollectionView.swift */,
				C9DBDF791FFB740900BFC093 /* ThemeCollectionCell.swift */,
				C9979CA81FFB06DC00540B2C /* ViewModels */,
				C9B54E951FFC65380027A93E /* Destination */,
			);
			path = Discovery;
			sourceTree = "<group>";
		};
		C9979CA81FFB06DC00540B2C /* ViewModels */ = {
			isa = PBXGroup;
			children = (
				C9979CA91FFB070100540B2C /* DiscoveryViewModel.swift */,
				C9979CAB1FFB072400540B2C /* DataModels */,
			);
			path = ViewModels;
			sourceTree = "<group>";
		};
		C9979CAB1FFB072400540B2C /* DataModels */ = {
			isa = PBXGroup;
			children = (
				C9979CAC1FFB073C00540B2C /* DiscoveryDataModel.swift */,
			);
			path = DataModels;
			sourceTree = "<group>";
		};
		C9979CAE1FFB079D00540B2C /* Discovery */ = {
			isa = PBXGroup;
			children = (
				C9979CAF1FFB07CA00540B2C /* DiscoveryViewModelTests.swift */,
				C9B54EAE1FFCBCCE0027A93E /* DestinationViewModelTests.swift */,
				C903830B200341FF0021C340 /* DestinationFilterViewModelTests.swift */,
				C94272F920182F7900E97620 /* RouteViewModelTests.swift */,
				C9979CB11FFB085900540B2C /* Mocks */,
			);
			path = Discovery;
			sourceTree = "<group>";
		};
		C9979CB11FFB085900540B2C /* Mocks */ = {
			isa = PBXGroup;
			children = (
				C9979CB21FFB089300540B2C /* MockDiscoveryDataModel.swift */,
				C9B54EA01FFC6FA30027A93E /* MockDiscoveryCoordinator.swift */,
				C9B54EB01FFCBD2A0027A93E /* MockDestinationDataModel.swift */,
				C9B54EB21FFCBD660027A93E /* MockDestinationCoordinator.swift */,
				C903830D200342590021C340 /* MockDestinationFilterDataModel.swift */,
				C9084C592004B66100800FF9 /* MockDestinationFilterCoordinator.swift */,
				C94272FB20182F9B00E97620 /* MockRouteCoordinator.swift */,
			);
			path = Mocks;
			sourceTree = "<group>";
		};
		C9B54E951FFC65380027A93E /* Destination */ = {
			isa = PBXGroup;
			children = (
				C9B54E961FFC658F0027A93E /* DestinationViewController.swift */,
				C9FD533B2005DC8B00D7B2ED /* DestinationCollectionView.swift */,
				C9FD533D2005DCA400D7B2ED /* DestinationCollectionCell.swift */,
				C9FD53412005FDB400D7B2ED /* MoreThemeCollectionView.swift */,
				C9FD53432005FDC700D7B2ED /* MoreThemeCollectionCell.swift */,
				C9B54EAA1FFC9D710027A93E /* DestinationFilterView.swift */,
				C9DB6C0A1FFDB512001F2AA2 /* FilterCollectionView.swift */,
				C9DB6C0C1FFDB528001F2AA2 /* FilterCollectionCell.swift */,
				C9B54E981FFC65BD0027A93E /* ViewModels */,
				C94272F02018241000E97620 /* Route */,
			);
			path = Destination;
			sourceTree = "<group>";
		};
		C9B54E981FFC65BD0027A93E /* ViewModels */ = {
			isa = PBXGroup;
			children = (
				C9B54E9A1FFC66090027A93E /* DestinationViewModel.swift */,
				C9B54EB61FFCC21C0027A93E /* DestinationFilterViewModel.swift */,
				C9B54E991FFC65C80027A93E /* DataModels */,
			);
			path = ViewModels;
			sourceTree = "<group>";
		};
		C9B54E991FFC65C80027A93E /* DataModels */ = {
			isa = PBXGroup;
			children = (
				C9B54E9C1FFC66240027A93E /* DestinationDataModel.swift */,
				C903830920033E900021C340 /* DestinationFilterDataModel.swift */,
			);
			path = DataModels;
			sourceTree = "<group>";
		};
		C9C306631F627F3D0020A316 /* Users */ = {
			isa = PBXGroup;
			children = (
				C9C306641F627F600020A316 /* User.swift */,
				C9C306661F62809F0020A316 /* Centificate.swift */,
			);
			path = Users;
			sourceTree = "<group>";
		};
		C9C719252047E33B000D6416 /* Common */ = {
			isa = PBXGroup;
			children = (
				C9C719262047E361000D6416 /* LoadingViewController.swift */,
			);
			path = Common;
			sourceTree = "<group>";
		};
		C9CF91A01F554F1000F352F0 /* Networks */ = {
			isa = PBXGroup;
			children = (
				C99FBFF31F67D52A00C9210B /* NetworkHandler.swift */,
				C9BD96EA1F69161900640E80 /* NetworkError.swift */,
			);
			path = Networks;
			sourceTree = "<group>";
		};
		C9CF91A11F554F2200F352F0 /* Flights */ = {
			isa = PBXGroup;
			children = (
				C9CF91A21F554F4800F352F0 /* Flight.swift */,
			);
			path = Flights;
			sourceTree = "<group>";
		};
		C9CF91A41F5552C400F352F0 /* Flight */ = {
			isa = PBXGroup;
			children = (
				C9171AF41F562F8600D9BE66 /* FlightTabViewController.swift */,
				C9EE0B6A1F59575A009AF961 /* FlightTabFlightTVCell.swift */,
				C9EB9DE51F57E80A00A39AB0 /* ViewModels */,
			);
			path = Flight;
			sourceTree = "<group>";
		};
		C9E927141F58CD8300BC5183 /* DataModels */ = {
			isa = PBXGroup;
			children = (
				C9E927151F58CDA000BC5183 /* FlightTabDataModel.swift */,
			);
			path = DataModels;
			sourceTree = "<group>";
		};
		C9E927171F58CE9800BC5183 /* Flight */ = {
			isa = PBXGroup;
			children = (
				C9E927191F58CF0F00BC5183 /* FlightTabViewModelTests.swift */,
				C910CDB31F5E104A0018246C /* FlightTabFlightTVCellViewModelTests.swift */,
				C9E927181F58CEC000BC5183 /* Mocks */,
			);
			path = Flight;
			sourceTree = "<group>";
		};
		C9E927181F58CEC000BC5183 /* Mocks */ = {
			isa = PBXGroup;
			children = (
				C9E9271B1F58D0A800BC5183 /* MockFlightTabDataModel.swift */,
			);
			path = Mocks;
			sourceTree = "<group>";
		};
		C9EB9DE51F57E80A00A39AB0 /* ViewModels */ = {
			isa = PBXGroup;
			children = (
				C9EB9DE61F57E83000A39AB0 /* FlightTabViewModel.swift */,
				C9037B441F5D46AA00FD6FB2 /* FlightTabFlightTVCellViewModel.swift */,
				C9E927141F58CD8300BC5183 /* DataModels */,
			);
			path = ViewModels;
			sourceTree = "<group>";
		};
/* End PBXGroup section */

/* Begin PBXNativeTarget section */
		35F0438220098FE4000B5935 /* Widget */ = {
			isa = PBXNativeTarget;
			buildConfigurationList = 35F0439020098FE4000B5935 /* Build configuration list for PBXNativeTarget "Widget" */;
			buildPhases = (
				35F0437F20098FE4000B5935 /* Sources */,
				35F0438020098FE4000B5935 /* Frameworks */,
				35F0438120098FE4000B5935 /* Resources */,
			);
			buildRules = (
			);
			dependencies = (
			);
			name = Widget;
			productName = Widget;
			productReference = 35F0438320098FE4000B5935 /* Widget.appex */;
			productType = "com.apple.product-type.app-extension";
		};
		C92BDF011F54E00800284B44 /* Ceair */ = {
			isa = PBXNativeTarget;
			buildConfigurationList = C92BDF1F1F54E00800284B44 /* Build configuration list for PBXNativeTarget "Ceair" */;
			buildPhases = (
				C92BDEFE1F54E00800284B44 /* Sources */,
				C92BDEFF1F54E00800284B44 /* Frameworks */,
				C92BDF001F54E00800284B44 /* Resources */,
				C9DDAF4C200467AC0036132A /* Embed Frameworks */,
				35F0439320098FE4000B5935 /* Embed App Extensions */,
				C987FF0D201AB77800FCF3B4 /* CopyFiles */,
			);
			buildRules = (
			);
			dependencies = (
				35F0438E20098FE4000B5935 /* PBXTargetDependency */,
			);
			name = Ceair;
			productName = Ceair;
			productReference = C92BDF021F54E00800284B44 /* Ceair.app */;
			productType = "com.apple.product-type.application";
		};
		C92BDF151F54E00800284B44 /* CeairTests */ = {
			isa = PBXNativeTarget;
			buildConfigurationList = C92BDF221F54E00800284B44 /* Build configuration list for PBXNativeTarget "CeairTests" */;
			buildPhases = (
				C92BDF121F54E00800284B44 /* Sources */,
				C92BDF131F54E00800284B44 /* Frameworks */,
				C92BDF141F54E00800284B44 /* Resources */,
			);
			buildRules = (
			);
			dependencies = (
				C92BDF181F54E00800284B44 /* PBXTargetDependency */,
			);
			name = CeairTests;
			productName = CeairTests;
			productReference = C92BDF161F54E00800284B44 /* CeairTests.xctest */;
			productType = "com.apple.product-type.bundle.unit-test";
		};
/* End PBXNativeTarget section */

/* Begin PBXProject section */
		C92BDEFA1F54E00800284B44 /* Project object */ = {
			isa = PBXProject;
			attributes = {
				LastSwiftUpdateCheck = 0920;
				LastUpgradeCheck = 0900;
				ORGANIZATIONNAME = Bizersoft;
				TargetAttributes = {
					35F0438220098FE4000B5935 = {
						CreatedOnToolsVersion = 9.2;
						ProvisioningStyle = Automatic;
					};
					C92BDF011F54E00800284B44 = {
						CreatedOnToolsVersion = 9.0;
						ProvisioningStyle = Manual;
					};
					C92BDF151F54E00800284B44 = {
						CreatedOnToolsVersion = 9.0;
						ProvisioningStyle = Automatic;
						TestTargetID = C92BDF011F54E00800284B44;
					};
				};
			};
			buildConfigurationList = C92BDEFD1F54E00800284B44 /* Build configuration list for PBXProject "Ceair" */;
			compatibilityVersion = "Xcode 8.0";
			developmentRegion = en;
			hasScannedForEncodings = 0;
			knownRegions = (
				en,
				Base,
			);
			mainGroup = C92BDEF91F54E00800284B44;
			productRefGroup = C92BDF031F54E00800284B44 /* Products */;
			projectDirPath = "";
			projectRoot = "";
			targets = (
				C92BDF011F54E00800284B44 /* Ceair */,
				C92BDF151F54E00800284B44 /* CeairTests */,
				35F0438220098FE4000B5935 /* Widget */,
			);
		};
/* End PBXProject section */

/* Begin PBXResourcesBuildPhase section */
		35F0438120098FE4000B5935 /* Resources */ = {
			isa = PBXResourcesBuildPhase;
			buildActionMask = 2147483647;
			files = (
				35F0438B20098FE4000B5935 /* MainInterface.storyboard in Resources */,
			);
			runOnlyForDeploymentPostprocessing = 0;
		};
		C92BDF001F54E00800284B44 /* Resources */ = {
			isa = PBXResourcesBuildPhase;
			buildActionMask = 2147483647;
			files = (
				C92BDF101F54E00800284B44 /* LaunchScreen.storyboard in Resources */,
				C92BDF0D1F54E00800284B44 /* Assets.xcassets in Resources */,
				C9EE6F101F6128C3009A4268 /* Info.plist in Resources */,
				C982F3C21F8CA2B50046197A /* Main.storyboard in Resources */,
			);
			runOnlyForDeploymentPostprocessing = 0;
		};
		C92BDF141F54E00800284B44 /* Resources */ = {
			isa = PBXResourcesBuildPhase;
			buildActionMask = 2147483647;
			files = (
			);
			runOnlyForDeploymentPostprocessing = 0;
		};
/* End PBXResourcesBuildPhase section */

/* Begin PBXSourcesBuildPhase section */
		35F0437F20098FE4000B5935 /* Sources */ = {
			isa = PBXSourcesBuildPhase;
			buildActionMask = 2147483647;
			files = (
				35F0438820098FE4000B5935 /* WidgetViewController.swift in Sources */,
			);
			runOnlyForDeploymentPostprocessing = 0;
		};
		C92BDEFE1F54E00800284B44 /* Sources */ = {
			isa = PBXSourcesBuildPhase;
			buildActionMask = 2147483647;
			files = (
				C9171AF81F5630DA00D9BE66 /* IMAGES.swift in Sources */,
				C9171AFC1F5631D900D9BE66 /* TABBARS.swift in Sources */,
				35441E082019EE44002DA4B4 /* DeviceUtility.swift in Sources */,
				C9979CAD1FFB073C00540B2C /* DiscoveryDataModel.swift in Sources */,
				C9DBDF721FFB425500BFC093 /* ActivityCollectionCell.swift in Sources */,
				C9B54EA71FFC7E150027A93E /* DestinationCoordinator.swift in Sources */,
				C9DBDF761FFB588400BFC093 /* CityCollectionCell.swift in Sources */,
				C9FCBAC41F57847700B6788A /* LABELS.swift in Sources */,
				C973BBE01F59547500391516 /* BaseCVCell.swift in Sources */,
				C94272F52018272700E97620 /* RouteCoordinator.swift in Sources */,
				C982F3C41F8CA2DA0046197A /* DetailViewController.swift in Sources */,
				C9084C582004B10B00800FF9 /* UIImage+MaskColor.swift in Sources */,
				C958809E2015783700420FB2 /* UIViewController+DismissKeyboard.swift in Sources */,
				C9FD53442005FDC700D7B2ED /* MoreThemeCollectionCell.swift in Sources */,
				C9250FFE1F6116D1005CA7D1 /* UILabel+TopAlign.swift in Sources */,
				C9B54E9B1FFC66090027A93E /* DestinationViewModel.swift in Sources */,
				C9C719292047E586000D6416 /* UIViewController+ChildVC.swift in Sources */,
				C9C306671F62809F0020A316 /* Centificate.swift in Sources */,
				C960CE4B2022E5E900DCD69E /* CacheUtility.swift in Sources */,
				C9171AFA1F56317500D9BE66 /* COLORS.swift in Sources */,
				C9EE0B691F5956C9009AF961 /* BaseTVCell.swift in Sources */,
				C9B54EA91FFC8AB00027A93E /* UIApplication+TopController.swift in Sources */,
				C98C76261F57DEC6007EB4E2 /* DEFAULTS.swift in Sources */,
				C92CBDC320196BD4004B64D7 /* DiscoveryTheme.swift in Sources */,
				C9B54E9D1FFC66240027A93E /* DestinationDataModel.swift in Sources */,
				C9B54EB71FFCC21C0027A93E /* DestinationFilterViewModel.swift in Sources */,
				C9037B451F5D46AA00FD6FB2 /* FlightTabFlightTVCellViewModel.swift in Sources */,
				C95368851F620AE100CFE1F4 /* UIButton+CenterSpace.swift in Sources */,
				C9FCBAC21F577EFE00B6788A /* URLS.swift in Sources */,
				C98C761F1F57DD97007EB4E2 /* Coordinator.swift in Sources */,
				C9EB9DE71F57E83000A39AB0 /* FlightTabViewModel.swift in Sources */,
				C903830A20033E900021C340 /* DestinationFilterDataModel.swift in Sources */,
				C9FD533820059A3F00D7B2ED /* StackStructure.swift in Sources */,
				C99FBFF41F67D52A00C9210B /* NetworkHandler.swift in Sources */,
				C9DBDF7A1FFB740900BFC093 /* ThemeCollectionCell.swift in Sources */,
				C99A97DE1F5950C500318E83 /* IDENTIFIERS.swift in Sources */,
				C95880A12015C38300420FB2 /* MyViewController.swift in Sources */,
				C92BDF301F54E17100284B44 /* BookingTabViewController.swift in Sources */,
				C94272ED2018239A00E97620 /* RouteViewController.swift in Sources */,
				C93837DF202BDE2F0093478F /* LoadingView.swift in Sources */,
				C92BDF2A1F54E09200284B44 /* UIColor+HEXString.swift in Sources */,
				C9B54E971FFC658F0027A93E /* DestinationViewController.swift in Sources */,
				C95880A52015D6FA00420FB2 /* RadialGradientView.swift in Sources */,
				C94273022018523A00E97620 /* ChartCollectionCell.swift in Sources */,
				C9FD533C2005DC8B00D7B2ED /* DestinationCollectionView.swift in Sources */,
				C94272EF201823E400E97620 /* RouteCollectionView.swift in Sources */,
				C9979CAA1FFB070100540B2C /* DiscoveryViewModel.swift in Sources */,
				C94272F820182C1000E97620 /* RouteViewModel.swift in Sources */,
				C9DBDF701FFB409E00BFC093 /* ActivityCollectionView.swift in Sources */,
				C9FD533E2005DCA400D7B2ED /* DestinationCollectionCell.swift in Sources */,
				C909704D2048E4CA0058FDD8 /* AnalyticsEvent.swift in Sources */,
				C9DB6C0B1FFDB512001F2AA2 /* FilterCollectionView.swift in Sources */,
				C94272F22018247D00E97620 /* RouteCollectionCell.swift in Sources */,
				C9239ED2201ACDAA003DD7BC /* DiscoveryCity.swift in Sources */,
				C9DBDF781FFB73EE00BFC093 /* ThemeCollectionView.swift in Sources */,
				C90970492048E3030058FDD8 /* AnalyticsManager.swift in Sources */,
				C96AF29B1F67609B00E5B6F8 /* UserConfig.swift in Sources */,
				C922E5561F5F747400689AE7 /* DateUtility.swift in Sources */,
				C98A15F71F8C3AA700B5B477 /* MoreTabViewController.swift in Sources */,
				C9CF91A31F554F4800F352F0 /* Flight.swift in Sources */,
				C9E927161F58CDA000BC5183 /* FlightTabDataModel.swift in Sources */,
				C909704F2048EE6F0058FDD8 /* CloudKitAnalyticsEngine.swift in Sources */,
				C9C306651F627F600020A316 /* User.swift in Sources */,
				C9DB6C0D1FFDB528001F2AA2 /* FilterCollectionCell.swift in Sources */,
				C909704B2048E4BA0058FDD8 /* AnalyticsEngine.swift in Sources */,
				C9FCBAC61F578CA500B6788A /* UIView+Constraint.swift in Sources */,
				C98C76211F57DDD3007EB4E2 /* AppCoordinator.swift in Sources */,
				C9B54E9F1FFC672B0027A93E /* DiscoveryCoordinator.swift in Sources */,
				C9979CA71FFB05D300540B2C /* DiscoveryViewController.swift in Sources */,
				C9DBDF741FFB586800BFC093 /* CityCollectionView.swift in Sources */,
				C9EE0B6B1F59575A009AF961 /* FlightTabFlightTVCell.swift in Sources */,
				C9B54EAB1FFC9D710027A93E /* DestinationFilterView.swift in Sources */,
				C9FD53422005FDB400D7B2ED /* MoreThemeCollectionView.swift in Sources */,
				C98C76281F57E156007EB4E2 /* TabBarCoordinator.swift in Sources */,
				C9C029BD202930BA0056CB4A /* CartoonSearchView.swift in Sources */,
				C9B54EB51FFCBFE90027A93E /* DestinationFilterCoordinator.swift in Sources */,
				C9BD96EB1F69161900640E80 /* NetworkError.swift in Sources */,
				C98C76241F57DE72007EB4E2 /* LaunchUtility.swift in Sources */,
				C9E09DDF1F68A76C007D0698 /* NETWORKS.swift in Sources */,
				C9171AF51F562F8600D9BE66 /* FlightTabViewController.swift in Sources */,
				C9C719272047E361000D6416 /* LoadingViewController.swift in Sources */,
				C94273002018521A00E97620 /* ChartCollectionView.swift in Sources */,
				C92BDF061F54E00800284B44 /* AppDelegate.swift in Sources */,
				C9B54EAD1FFCA5590027A93E /* UITabBarController+Hide.swift in Sources */,
			);
			runOnlyForDeploymentPostprocessing = 0;
		};
		C92BDF121F54E00800284B44 /* Sources */ = {
			isa = PBXSourcesBuildPhase;
			buildActionMask = 2147483647;
			files = (
				C910CDB41F5E104A0018246C /* FlightTabFlightTVCellViewModelTests.swift in Sources */,
				C9084C5A2004B66100800FF9 /* MockDestinationFilterCoordinator.swift in Sources */,
				C94272FA20182F7900E97620 /* RouteViewModelTests.swift in Sources */,
				C9979CB31FFB089300540B2C /* MockDiscoveryDataModel.swift in Sources */,
				C9E9271A1F58CF0F00BC5183 /* FlightTabViewModelTests.swift in Sources */,
				C903830E200342590021C340 /* MockDestinationFilterDataModel.swift in Sources */,
				C9FD533A20059B4900D7B2ED /* StackStructureTests.swift in Sources */,
				C9B54EA11FFC6FA30027A93E /* MockDiscoveryCoordinator.swift in Sources */,
				C903830C200341FF0021C340 /* DestinationFilterViewModelTests.swift in Sources */,
				C9B54EAF1FFCBCCE0027A93E /* DestinationViewModelTests.swift in Sources */,
				C9B54EB11FFCBD2A0027A93E /* MockDestinationDataModel.swift in Sources */,
				C94272FC20182F9B00E97620 /* MockRouteCoordinator.swift in Sources */,
				C92BDF1B1F54E00800284B44 /* CeairTests.swift in Sources */,
				C9979CB01FFB07CA00540B2C /* DiscoveryViewModelTests.swift in Sources */,
				C9B54EB31FFCBD660027A93E /* MockDestinationCoordinator.swift in Sources */,
				C922E55A1F5F761100689AE7 /* DateUtilityTests.swift in Sources */,
				C9E9271C1F58D0A800BC5183 /* MockFlightTabDataModel.swift in Sources */,
			);
			runOnlyForDeploymentPostprocessing = 0;
		};
/* End PBXSourcesBuildPhase section */

/* Begin PBXTargetDependency section */
		35F0438E20098FE4000B5935 /* PBXTargetDependency */ = {
			isa = PBXTargetDependency;
			target = 35F0438220098FE4000B5935 /* Widget */;
			targetProxy = 35F0438D20098FE4000B5935 /* PBXContainerItemProxy */;
		};
		C92BDF181F54E00800284B44 /* PBXTargetDependency */ = {
			isa = PBXTargetDependency;
			target = C92BDF011F54E00800284B44 /* Ceair */;
			targetProxy = C92BDF171F54E00800284B44 /* PBXContainerItemProxy */;
		};
/* End PBXTargetDependency section */

/* Begin PBXVariantGroup section */
		35F0438920098FE4000B5935 /* MainInterface.storyboard */ = {
			isa = PBXVariantGroup;
			children = (
				35F0438A20098FE4000B5935 /* Base */,
			);
			name = MainInterface.storyboard;
			sourceTree = "<group>";
		};
		C92BDF0E1F54E00800284B44 /* LaunchScreen.storyboard */ = {
			isa = PBXVariantGroup;
			children = (
				C92BDF0F1F54E00800284B44 /* Base */,
			);
			name = LaunchScreen.storyboard;
			sourceTree = "<group>";
		};
/* End PBXVariantGroup section */

/* Begin XCBuildConfiguration section */
		35F0439120098FE4000B5935 /* Debug */ = {
			isa = XCBuildConfiguration;
			buildSettings = {
				CODE_SIGN_STYLE = Automatic;
				DEVELOPMENT_TEAM = "";
				INFOPLIST_FILE = Widget/Info.plist;
				IPHONEOS_DEPLOYMENT_TARGET = 10.2;
				LD_RUNPATH_SEARCH_PATHS = "$(inherited) @executable_path/Frameworks @executable_path/../../Frameworks";
				PRODUCT_BUNDLE_IDENTIFIER = com.bizersoft.Ceair.Widget;
				PRODUCT_NAME = "$(TARGET_NAME)";
				SKIP_INSTALL = YES;
				SWIFT_VERSION = 4.0;
				TARGETED_DEVICE_FAMILY = 1;
			};
			name = Debug;
		};
		35F0439220098FE4000B5935 /* Release */ = {
			isa = XCBuildConfiguration;
			buildSettings = {
				CODE_SIGN_STYLE = Automatic;
				DEVELOPMENT_TEAM = "";
				INFOPLIST_FILE = Widget/Info.plist;
				IPHONEOS_DEPLOYMENT_TARGET = 10.2;
				LD_RUNPATH_SEARCH_PATHS = "$(inherited) @executable_path/Frameworks @executable_path/../../Frameworks";
				PRODUCT_BUNDLE_IDENTIFIER = com.bizersoft.Ceair.Widget;
				PRODUCT_NAME = "$(TARGET_NAME)";
				SKIP_INSTALL = YES;
				SWIFT_VERSION = 4.0;
				TARGETED_DEVICE_FAMILY = 1;
			};
			name = Release;
		};
		C92BDF1D1F54E00800284B44 /* Debug */ = {
			isa = XCBuildConfiguration;
			buildSettings = {
				ALWAYS_SEARCH_USER_PATHS = NO;
				CLANG_ANALYZER_NONNULL = YES;
				CLANG_ANALYZER_NUMBER_OBJECT_CONVERSION = YES_AGGRESSIVE;
				CLANG_CXX_LANGUAGE_STANDARD = "gnu++14";
				CLANG_CXX_LIBRARY = "libc++";
				CLANG_ENABLE_MODULES = YES;
				CLANG_ENABLE_OBJC_ARC = YES;
				CLANG_WARN_BLOCK_CAPTURE_AUTORELEASING = YES;
				CLANG_WARN_BOOL_CONVERSION = YES;
				CLANG_WARN_COMMA = YES;
				CLANG_WARN_CONSTANT_CONVERSION = YES;
				CLANG_WARN_DIRECT_OBJC_ISA_USAGE = YES_ERROR;
				CLANG_WARN_DOCUMENTATION_COMMENTS = YES;
				CLANG_WARN_EMPTY_BODY = YES;
				CLANG_WARN_ENUM_CONVERSION = YES;
				CLANG_WARN_INFINITE_RECURSION = YES;
				CLANG_WARN_INT_CONVERSION = YES;
				CLANG_WARN_NON_LITERAL_NULL_CONVERSION = YES;
				CLANG_WARN_OBJC_LITERAL_CONVERSION = YES;
				CLANG_WARN_OBJC_ROOT_CLASS = YES_ERROR;
				CLANG_WARN_RANGE_LOOP_ANALYSIS = YES;
				CLANG_WARN_STRICT_PROTOTYPES = YES;
				CLANG_WARN_SUSPICIOUS_MOVE = YES;
				CLANG_WARN_UNGUARDED_AVAILABILITY = YES_AGGRESSIVE;
				CLANG_WARN_UNREACHABLE_CODE = YES;
				CLANG_WARN__DUPLICATE_METHOD_MATCH = YES;
				CODE_SIGN_IDENTITY = "iPhone Developer";
				COPY_PHASE_STRIP = NO;
				DEBUG_INFORMATION_FORMAT = dwarf;
				ENABLE_STRICT_OBJC_MSGSEND = YES;
				ENABLE_TESTABILITY = YES;
				GCC_C_LANGUAGE_STANDARD = gnu11;
				GCC_DYNAMIC_NO_PIC = NO;
				GCC_NO_COMMON_BLOCKS = YES;
				GCC_OPTIMIZATION_LEVEL = 0;
				GCC_PREPROCESSOR_DEFINITIONS = (
					"DEBUG=1",
					"$(inherited)",
				);
				GCC_WARN_64_TO_32_BIT_CONVERSION = YES;
				GCC_WARN_ABOUT_RETURN_TYPE = YES_ERROR;
				GCC_WARN_UNDECLARED_SELECTOR = YES;
				GCC_WARN_UNINITIALIZED_AUTOS = YES_AGGRESSIVE;
				GCC_WARN_UNUSED_FUNCTION = YES;
				GCC_WARN_UNUSED_VARIABLE = YES;
				IPHONEOS_DEPLOYMENT_TARGET = 9.0;
				MTL_ENABLE_DEBUG_INFO = YES;
				ONLY_ACTIVE_ARCH = YES;
				SDKROOT = iphoneos;
				SWIFT_ACTIVE_COMPILATION_CONDITIONS = DEBUG;
				SWIFT_OPTIMIZATION_LEVEL = "-Onone";
			};
			name = Debug;
		};
		C92BDF1E1F54E00800284B44 /* Release */ = {
			isa = XCBuildConfiguration;
			buildSettings = {
				ALWAYS_SEARCH_USER_PATHS = NO;
				CLANG_ANALYZER_NONNULL = YES;
				CLANG_ANALYZER_NUMBER_OBJECT_CONVERSION = YES_AGGRESSIVE;
				CLANG_CXX_LANGUAGE_STANDARD = "gnu++14";
				CLANG_CXX_LIBRARY = "libc++";
				CLANG_ENABLE_MODULES = YES;
				CLANG_ENABLE_OBJC_ARC = YES;
				CLANG_WARN_BLOCK_CAPTURE_AUTORELEASING = YES;
				CLANG_WARN_BOOL_CONVERSION = YES;
				CLANG_WARN_COMMA = YES;
				CLANG_WARN_CONSTANT_CONVERSION = YES;
				CLANG_WARN_DIRECT_OBJC_ISA_USAGE = YES_ERROR;
				CLANG_WARN_DOCUMENTATION_COMMENTS = YES;
				CLANG_WARN_EMPTY_BODY = YES;
				CLANG_WARN_ENUM_CONVERSION = YES;
				CLANG_WARN_INFINITE_RECURSION = YES;
				CLANG_WARN_INT_CONVERSION = YES;
				CLANG_WARN_NON_LITERAL_NULL_CONVERSION = YES;
				CLANG_WARN_OBJC_LITERAL_CONVERSION = YES;
				CLANG_WARN_OBJC_ROOT_CLASS = YES_ERROR;
				CLANG_WARN_RANGE_LOOP_ANALYSIS = YES;
				CLANG_WARN_STRICT_PROTOTYPES = YES;
				CLANG_WARN_SUSPICIOUS_MOVE = YES;
				CLANG_WARN_UNGUARDED_AVAILABILITY = YES_AGGRESSIVE;
				CLANG_WARN_UNREACHABLE_CODE = YES;
				CLANG_WARN__DUPLICATE_METHOD_MATCH = YES;
				CODE_SIGN_IDENTITY = "iPhone Developer";
				COPY_PHASE_STRIP = NO;
				DEBUG_INFORMATION_FORMAT = "dwarf-with-dsym";
				ENABLE_NS_ASSERTIONS = NO;
				ENABLE_STRICT_OBJC_MSGSEND = YES;
				GCC_C_LANGUAGE_STANDARD = gnu11;
				GCC_NO_COMMON_BLOCKS = YES;
				GCC_WARN_64_TO_32_BIT_CONVERSION = YES;
				GCC_WARN_ABOUT_RETURN_TYPE = YES_ERROR;
				GCC_WARN_UNDECLARED_SELECTOR = YES;
				GCC_WARN_UNINITIALIZED_AUTOS = YES_AGGRESSIVE;
				GCC_WARN_UNUSED_FUNCTION = YES;
				GCC_WARN_UNUSED_VARIABLE = YES;
				IPHONEOS_DEPLOYMENT_TARGET = 9.0;
				MTL_ENABLE_DEBUG_INFO = NO;
				SDKROOT = iphoneos;
				SWIFT_OPTIMIZATION_LEVEL = "-Owholemodule";
				VALIDATE_PRODUCT = YES;
			};
			name = Release;
		};
		C92BDF201F54E00800284B44 /* Debug */ = {
			isa = XCBuildConfiguration;
			buildSettings = {
				ALWAYS_EMBED_SWIFT_STANDARD_LIBRARIES = YES;
				ASSETCATALOG_COMPILER_APPICON_NAME = AppIcon;
				CODE_SIGN_STYLE = Manual;
				DEVELOPMENT_TEAM = "";
				FRAMEWORK_SEARCH_PATHS = (
					"${inherited}",
					"$(PROJECT_DIR)",
					"$(PROJECT_DIR)/Frameworks",
					"$(PROJECT_DIR)/Carthage/Build/iOS",
				);
				"FRAMEWORK_SEARCH_PATHS[arch=*]" = "${inherited}";
				INFOPLIST_FILE = Ceair/Info.plist;
				IPHONEOS_DEPLOYMENT_TARGET = 9.0;
				LD_RUNPATH_SEARCH_PATHS = "$(inherited) @executable_path/Frameworks";
				PRODUCT_BUNDLE_IDENTIFIER = com.bizersoft.Ceair;
				PRODUCT_NAME = "$(TARGET_NAME)";
				PROVISIONING_PROFILE_SPECIFIER = "";
				SWIFT_VERSION = 4.0;
				TARGETED_DEVICE_FAMILY = 1;
			};
			name = Debug;
		};
		C92BDF211F54E00800284B44 /* Release */ = {
			isa = XCBuildConfiguration;
			buildSettings = {
				ALWAYS_EMBED_SWIFT_STANDARD_LIBRARIES = YES;
				ASSETCATALOG_COMPILER_APPICON_NAME = AppIcon;
				CODE_SIGN_STYLE = Manual;
				DEVELOPMENT_TEAM = "";
				FRAMEWORK_SEARCH_PATHS = (
					"${inherited}",
					"$(PROJECT_DIR)",
					"$(PROJECT_DIR)/Frameworks",
					"$(PROJECT_DIR)/Carthage/Build/iOS",
				);
				INFOPLIST_FILE = Ceair/Info.plist;
				IPHONEOS_DEPLOYMENT_TARGET = 9.0;
				LD_RUNPATH_SEARCH_PATHS = "$(inherited) @executable_path/Frameworks";
				PRODUCT_BUNDLE_IDENTIFIER = com.bizersoft.Ceair;
				PRODUCT_NAME = "$(TARGET_NAME)";
				PROVISIONING_PROFILE_SPECIFIER = "";
				SWIFT_VERSION = 4.0;
				TARGETED_DEVICE_FAMILY = 1;
			};
			name = Release;
		};
		C92BDF231F54E00800284B44 /* Debug */ = {
			isa = XCBuildConfiguration;
			buildSettings = {
				ALWAYS_EMBED_SWIFT_STANDARD_LIBRARIES = YES;
				BUNDLE_LOADER = "$(TEST_HOST)";
				CODE_SIGN_STYLE = Automatic;
				INFOPLIST_FILE = CeairTests/Info.plist;
				LD_RUNPATH_SEARCH_PATHS = "$(inherited) @executable_path/Frameworks @loader_path/Frameworks";
				PRODUCT_BUNDLE_IDENTIFIER = com.bizersoft.CeairTests;
				PRODUCT_NAME = "$(TARGET_NAME)";
				SWIFT_VERSION = 4.0;
				TARGETED_DEVICE_FAMILY = "1,2";
				TEST_HOST = "$(BUILT_PRODUCTS_DIR)/Ceair.app/Ceair";
			};
			name = Debug;
		};
		C92BDF241F54E00800284B44 /* Release */ = {
			isa = XCBuildConfiguration;
			buildSettings = {
				ALWAYS_EMBED_SWIFT_STANDARD_LIBRARIES = YES;
				BUNDLE_LOADER = "$(TEST_HOST)";
				CODE_SIGN_STYLE = Automatic;
				INFOPLIST_FILE = CeairTests/Info.plist;
				LD_RUNPATH_SEARCH_PATHS = "$(inherited) @executable_path/Frameworks @loader_path/Frameworks";
				PRODUCT_BUNDLE_IDENTIFIER = com.bizersoft.CeairTests;
				PRODUCT_NAME = "$(TARGET_NAME)";
				SWIFT_VERSION = 4.0;
				TARGETED_DEVICE_FAMILY = "1,2";
				TEST_HOST = "$(BUILT_PRODUCTS_DIR)/Ceair.app/Ceair";
			};
			name = Release;
		};
/* End XCBuildConfiguration section */

/* Begin XCConfigurationList section */
		35F0439020098FE4000B5935 /* Build configuration list for PBXNativeTarget "Widget" */ = {
			isa = XCConfigurationList;
			buildConfigurations = (
				35F0439120098FE4000B5935 /* Debug */,
				35F0439220098FE4000B5935 /* Release */,
			);
			defaultConfigurationIsVisible = 0;
			defaultConfigurationName = Release;
		};
		C92BDEFD1F54E00800284B44 /* Build configuration list for PBXProject "Ceair" */ = {
			isa = XCConfigurationList;
			buildConfigurations = (
				C92BDF1D1F54E00800284B44 /* Debug */,
				C92BDF1E1F54E00800284B44 /* Release */,
			);
			defaultConfigurationIsVisible = 0;
			defaultConfigurationName = Release;
		};
		C92BDF1F1F54E00800284B44 /* Build configuration list for PBXNativeTarget "Ceair" */ = {
			isa = XCConfigurationList;
			buildConfigurations = (
				C92BDF201F54E00800284B44 /* Debug */,
				C92BDF211F54E00800284B44 /* Release */,
			);
			defaultConfigurationIsVisible = 0;
			defaultConfigurationName = Release;
		};
		C92BDF221F54E00800284B44 /* Build configuration list for PBXNativeTarget "CeairTests" */ = {
			isa = XCConfigurationList;
			buildConfigurations = (
				C92BDF231F54E00800284B44 /* Debug */,
				C92BDF241F54E00800284B44 /* Release */,
			);
			defaultConfigurationIsVisible = 0;
			defaultConfigurationName = Release;
		};
/* End XCConfigurationList section */
	};
	rootObject = C92BDEFA1F54E00800284B44 /* Project object */;
}
